{
  "name": "scripts",
  "lockfileVersion": 2,
  "requires": true,
  "packages": {
    "": {
      "dependencies": {
        "@smartface/contx": "^3.0.2",
        "@smartface/router": "^1.6.2",
        "@smartface/styler": "^2.0.0",
        "js-base": "^1.0.5",
        "keyboardlayout": "^2.0.7",
        "materialtextbox": "^4.0.15",
        "sf-core": "^4.3.0",
        "sf-extension-utils": "^14.0.0",
        "source-map": "0.6.1"
      }
    },
    "node_modules/@smartface/contx": {
      "version": "3.0.2",
      "resolved": "https://registry.npmjs.org/@smartface/contx/-/contx-3.0.2.tgz",
      "integrity": "sha512-ysYleQZJC4umwYMpeNhlof5BLDU6ItUO8y9jEXQfZXeAKQ6nPrqQrYm/AtAxhyDeR+Z0Mrk+DGrecGjP4qvOXg==",
      "dependencies": {
        "@smartface/styler": "^2.0.0",
        "filtrex": "^0.5.4"
      }
    },
    "node_modules/@smartface/router": {
      "version": "1.6.2",
      "resolved": "https://registry.npmjs.org/@smartface/router/-/router-1.6.2.tgz",
      "integrity": "sha512-Rh/a3Iyqw2fv+7lrdaYMUjztcHF5NHbMrst5STVl89thAN+gdW8DiqTIZABKE3U0WqtW1lk8Dz2yd4VPjPx1vg==",
      "dependencies": {
        "path-to-regexp": "^2.4.0",
        "resolve-pathname": "^2.2.0"
      }
    },
    "node_modules/@smartface/styler": {
      "version": "2.0.0",
      "resolved": "https://registry.npmjs.org/@smartface/styler/-/styler-2.0.0.tgz",
      "integrity": "sha512-XLgoSUdXM8l0xHFIHV85ZEwzlYl07be2qi+Ca9p3lU1oE8STetxLFR3z7LD8eIq5Wp0Vzoh9xDsGdu0gTwo/dw=="
    },
    "node_modules/decode-uri-component": {
      "version": "0.2.0",
      "resolved": "https://cd.smartface.io/repository/npm-all-public/decode-uri-component/-/decode-uri-component-0.2.0.tgz",
      "integrity": "sha1-6zkTMzRYd1y4TNGh+uBiEGu4dUU=",
      "engines": {
        "node": ">=0.10"
      }
    },
    "node_modules/filter-obj": {
      "version": "1.1.0",
      "resolved": "https://cd.smartface.io/repository/npm-all-public/filter-obj/-/filter-obj-1.1.0.tgz",
      "integrity": "sha1-mzERErxsYSehbgFsbF1/GeCAXFs=",
      "engines": {
        "node": ">=0.10.0"
      }
    },
    "node_modules/filtrex": {
      "version": "0.5.4",
      "resolved": "https://cd.smartface.io/repository/npm-all-public/filtrex/-/filtrex-0.5.4.tgz",
      "integrity": "sha1-mAddUY8GjE9Yt7WJoifZi9n2OV0="
    },
    "node_modules/for-in": {
      "version": "1.0.2",
      "resolved": "https://cd.smartface.io/repository/npm-all-public/for-in/-/for-in-1.0.2.tgz",
      "integrity": "sha1-gQaNKVqBQuwKxybG4iAMMPttXoA=",
      "engines": {
        "node": ">=0.10.0"
      }
    },
    "node_modules/html-parse-stringify": {
      "version": "1.0.2",
      "resolved": "https://cd.smartface.io/repository/npm-all-public/html-parse-stringify/-/html-parse-stringify-1.0.2.tgz",
      "integrity": "sha1-EgjpjNdDCtfvsS4ees7pIU/SIoM=",
      "dependencies": {
        "void-elements": "^1.0.0"
      }
    },
    "node_modules/is-extendable": {
      "version": "1.0.1",
      "resolved": "https://cd.smartface.io/repository/npm-all-public/is-extendable/-/is-extendable-1.0.1.tgz",
      "integrity": "sha512-arnXMxT1hhoKo9k1LZdmlNyJdDDfy2v0fXjFlmok4+i8ul/6WlbVge9bhM74OpNPQPMGUToDtz+KXa1PneJxOA==",
      "dependencies": {
        "is-plain-object": "^2.0.4"
      },
      "engines": {
        "node": ">=0.10.0"
      }
    },
    "node_modules/is-plain-object": {
      "version": "2.0.4",
      "resolved": "https://cd.smartface.io/repository/npm-all-public/is-plain-object/-/is-plain-object-2.0.4.tgz",
      "integrity": "sha512-h5PpgXkWitc38BBMYawTYMWJHFZJVnBquFE57xFpjB8pJFiF6gZ+bU+WyI/yqXiFR5mdLsgYNaPe8uao6Uv9Og==",
      "dependencies": {
        "isobject": "^3.0.1"
      },
      "engines": {
        "node": ">=0.10.0"
      }
    },
    "node_modules/isobject": {
      "version": "3.0.1",
      "resolved": "https://cd.smartface.io/repository/npm-all-public/isobject/-/isobject-3.0.1.tgz",
      "integrity": "sha1-TkMekrEalzFjaqH5yNHMvP2reN8=",
      "engines": {
        "node": ">=0.10.0"
      }
    },
    "node_modules/js-base": {
      "version": "1.0.5",
      "resolved": "https://cd.smartface.io/repository/npm-all-public/js-base/-/js-base-1.0.5.tgz",
      "integrity": "sha512-riZS7qUHOrEq26nK1cR7TjYSl7iJXWjNnW3nP4yFUs4vjfOYMUVD44ku/1b0FcJ1xDG3aQXoARx0S+4ZuUQZ5A=="
    },
    "node_modules/keyboardlayout": {
      "version": "2.0.7",
      "resolved": "https://cd.smartface.io/repository/npm-all-public/keyboardlayout/-/keyboardlayout-2.0.7.tgz",
      "integrity": "sha512-JDbmlClpjOM9TEehHJcH4njccO7zhd6D1Ovg5Ig3BPHQx7m/TJ3nuAZtHHKiXQLkwyW8/REPbZqp4ton9Qrtyw==",
      "hasInstallScript": true,
      "dependencies": {
        "@smartface/contx": "^3.0.1"
      }
    },
    "node_modules/materialtextbox": {
      "version": "4.0.22",
      "resolved": "https://cd.smartface.io/repository/npm-all-public/materialtextbox/-/materialtextbox-4.0.22.tgz",
      "integrity": "sha512-wC8rwh8ZDnZzj8s5DkskB5DCqqwRm8Iq0dhV+UN8Mz3aziZ2cvYlojxiE2hmWGMHN+PtCLOg+HzxYz7Fy1q4BA==",
      "hasInstallScript": true,
      "dependencies": {
        "@smartface/contx": "^3.0.1"
      }
    },
    "node_modules/mixin-deep": {
      "version": "1.3.2",
      "resolved": "https://cd.smartface.io/repository/npm-all-public/mixin-deep/-/mixin-deep-1.3.2.tgz",
      "integrity": "sha512-WRoDn//mXBiJ1H40rqa3vH0toePwSsGb45iInWlTySa+Uu4k3tYUSxa2v1KqAiLtvlrSzaExqS1gtk96A9zvEA==",
      "dependencies": {
        "for-in": "^1.0.2",
        "is-extendable": "^1.0.1"
      },
      "engines": {
        "node": ">=0.10.0"
      }
    },
    "node_modules/path-to-regexp": {
      "version": "2.4.0",
      "resolved": "https://cd.smartface.io/repository/npm-all-public/path-to-regexp/-/path-to-regexp-2.4.0.tgz",
      "integrity": "sha512-G6zHoVqC6GGTQkZwF4lkuEyMbVOjoBKAEybQUypI1WTkqinCOrq2x6U2+phkJ1XsEMTy4LjtwPI7HW+NVrRR2w=="
    },
    "node_modules/query-string": {
      "version": "6.14.1",
      "resolved": "https://cd.smartface.io/repository/npm-all-public/query-string/-/query-string-6.14.1.tgz",
      "integrity": "sha512-XDxAeVmpfu1/6IjyT/gXHOl+S0vQ9owggJ30hhWKdHAsNPOcasn5o9BW0eejZqL2e4vMjhAxoW3jVHcD6mbcYw==",
      "dependencies": {
        "decode-uri-component": "^0.2.0",
        "filter-obj": "^1.1.0",
        "split-on-first": "^1.0.0",
        "strict-uri-encode": "^2.0.0"
      },
      "engines": {
        "node": ">=6"
      }
    },
    "node_modules/resolve-pathname": {
      "version": "2.2.0",
      "resolved": "https://cd.smartface.io/repository/npm-all-public/resolve-pathname/-/resolve-pathname-2.2.0.tgz",
      "integrity": "sha512-bAFz9ld18RzJfddgrO2e/0S2O81710++chRMUxHjXOYKF6jTAMrUNZrEZ1PvV0zlhfjidm08iRPdTLPno1FuRg=="
    },
    "node_modules/semver": {
      "version": "5.7.1",
      "resolved": "https://cd.smartface.io/repository/npm-all-public/semver/-/semver-5.7.1.tgz",
      "integrity": "sha512-sauaDf/PZdVgrLTNYHRtpXa1iRiKcaebiKQ1BJdpQlWH2lCvexQdX55snPFyK7QzpudqbCI0qXFfOasHdyNDGQ==",
      "bin": {
        "semver": "bin/semver"
      }
    },
    "node_modules/sf-core": {
      "version": "4.3.1",
      "resolved": "https://cd.smartface.io/repository/npm-all-public/sf-core/-/sf-core-4.3.1.tgz",
      "integrity": "sha1-b1VBIUJgPLPnNFeTTQOZPaY1lb0="
    },
    "node_modules/sf-extension-utils": {
      "version": "14.10.3",
      "resolved": "https://cd.smartface.io/repository/npm-all-public/sf-extension-utils/-/sf-extension-utils-14.10.3.tgz",
      "integrity": "sha512-o4jkuPGtW80xqUNnUgFevKrhazj1bMQg90BpB2I82ebZk96u2tHB3YJRr6+HMAnKy4EwKTjEBmzEEZblicOZAg==",
      "dependencies": {
        "html-parse-stringify": "1.0.2",
        "mixin-deep": "^1.3.1",
        "query-string": "^6.10.1",
        "semver": "^5.7.1",
        "squel": "^5.13.0",
        "tinycolor2": "^1.4.1",
        "wolfy87-eventemitter": "^5.2.9"
      }
    },
    "node_modules/source-map": {
      "version": "0.6.1",
      "resolved": "https://cd.smartface.io/repository/npm-all-public/source-map/-/source-map-0.6.1.tgz",
      "integrity": "sha512-UjgapumWlbMhkBgzT7Ykc5YXUT46F0iKu8SGXq0bcwP5dz/h0Plj6enJqjz1Zbq2l5WaqYnrVbwWOWMyF3F47g==",
      "engines": {
        "node": ">=0.10.0"
      }
    },
    "node_modules/split-on-first": {
      "version": "1.1.0",
      "resolved": "https://cd.smartface.io/repository/npm-all-public/split-on-first/-/split-on-first-1.1.0.tgz",
      "integrity": "sha512-43ZssAJaMusuKWL8sKUBQXHWOpq8d6CfN/u1p4gUzfJkM05C8rxTmYrkIPTXapZpORA6LkkzcUulJ8FqA7Uudw==",
      "engines": {
        "node": ">=6"
      }
    },
    "node_modules/squel": {
      "version": "5.13.0",
      "resolved": "https://cd.smartface.io/repository/npm-all-public/squel/-/squel-5.13.0.tgz",
      "integrity": "sha512-Fzd8zqbuqNwzodO3yO6MkX8qiDoVBuwqAaa3eKNz4idhBf24IQHbatBhLUiHAGGl962eGvPVRxzRuFWZlSf49w==",
      "engines": {
        "node": ">= 0.12.0"
      }
    },
    "node_modules/strict-uri-encode": {
      "version": "2.0.0",
      "resolved": "https://cd.smartface.io/repository/npm-all-public/strict-uri-encode/-/strict-uri-encode-2.0.0.tgz",
      "integrity": "sha1-ucczDHBChi9rFC3CdLvMWGbONUY=",
      "engines": {
        "node": ">=4"
      }
    },
    "node_modules/tinycolor2": {
      "version": "1.4.2",
      "resolved": "https://cd.smartface.io/repository/npm-all-public/tinycolor2/-/tinycolor2-1.4.2.tgz",
      "integrity": "sha512-vJhccZPs965sV/L2sU4oRQVAos0pQXwsvTLkWYdqJ+a8Q5kPFzJTuOFwy7UniPli44NKQGAglksjvOcpo95aZA==",
      "engines": {
        "node": "*"
      }
    },
    "node_modules/void-elements": {
      "version": "1.0.0",
      "resolved": "https://cd.smartface.io/repository/npm-all-public/void-elements/-/void-elements-1.0.0.tgz",
      "integrity": "sha1-bl2x411ZH1rGkM4aNA95OoF7LCo=",
      "engines": {
        "node": ">=0.10.0"
      }
    },
    "node_modules/wolfy87-eventemitter": {
      "version": "5.2.9",
      "resolved": "https://cd.smartface.io/repository/npm-all-public/wolfy87-eventemitter/-/wolfy87-eventemitter-5.2.9.tgz",
      "integrity": "sha512-P+6vtWyuDw+MB01X7UeF8TaHBvbCovf4HPEMF/SV7BdDc1SMTiBy13SRD71lQh4ExFTG1d/WNzDGDCyOKSMblw=="
    }
  },
  "dependencies": {
    "@smartface/contx": {
      "version": "3.0.2",
      "resolved": "https://registry.npmjs.org/@smartface/contx/-/contx-3.0.2.tgz",
      "integrity": "sha512-ysYleQZJC4umwYMpeNhlof5BLDU6ItUO8y9jEXQfZXeAKQ6nPrqQrYm/AtAxhyDeR+Z0Mrk+DGrecGjP4qvOXg==",
      "requires": {
        "@smartface/styler": "^2.0.0",
        "filtrex": "^0.5.4"
      }
    },
    "@smartface/router": {
      "version": "1.6.2",
      "resolved": "https://registry.npmjs.org/@smartface/router/-/router-1.6.2.tgz",
      "integrity": "sha512-Rh/a3Iyqw2fv+7lrdaYMUjztcHF5NHbMrst5STVl89thAN+gdW8DiqTIZABKE3U0WqtW1lk8Dz2yd4VPjPx1vg==",
      "requires": {
        "path-to-regexp": "^2.4.0",
        "resolve-pathname": "^2.2.0"
      }
    },
    "@smartface/styler": {
      "version": "2.0.0",
      "resolved": "https://registry.npmjs.org/@smartface/styler/-/styler-2.0.0.tgz",
      "integrity": "sha512-XLgoSUdXM8l0xHFIHV85ZEwzlYl07be2qi+Ca9p3lU1oE8STetxLFR3z7LD8eIq5Wp0Vzoh9xDsGdu0gTwo/dw=="
    },
    "decode-uri-component": {
      "version": "0.2.0",
      "resolved": "https://cd.smartface.io/repository/npm-all-public/decode-uri-component/-/decode-uri-component-0.2.0.tgz",
      "integrity": "sha1-6zkTMzRYd1y4TNGh+uBiEGu4dUU="
    },
    "filter-obj": {
      "version": "1.1.0",
      "resolved": "https://cd.smartface.io/repository/npm-all-public/filter-obj/-/filter-obj-1.1.0.tgz",
      "integrity": "sha1-mzERErxsYSehbgFsbF1/GeCAXFs="
    },
    "filtrex": {
      "version": "0.5.4",
      "resolved": "https://cd.smartface.io/repository/npm-all-public/filtrex/-/filtrex-0.5.4.tgz",
      "integrity": "sha1-mAddUY8GjE9Yt7WJoifZi9n2OV0="
    },
    "for-in": {
      "version": "1.0.2",
      "resolved": "https://cd.smartface.io/repository/npm-all-public/for-in/-/for-in-1.0.2.tgz",
      "integrity": "sha1-gQaNKVqBQuwKxybG4iAMMPttXoA="
    },
    "html-parse-stringify": {
      "version": "1.0.2",
      "resolved": "https://cd.smartface.io/repository/npm-all-public/html-parse-stringify/-/html-parse-stringify-1.0.2.tgz",
      "integrity": "sha1-EgjpjNdDCtfvsS4ees7pIU/SIoM=",
      "requires": {
        "void-elements": "^1.0.0"
      }
    },
    "is-extendable": {
      "version": "1.0.1",
      "resolved": "https://cd.smartface.io/repository/npm-all-public/is-extendable/-/is-extendable-1.0.1.tgz",
      "integrity": "sha512-arnXMxT1hhoKo9k1LZdmlNyJdDDfy2v0fXjFlmok4+i8ul/6WlbVge9bhM74OpNPQPMGUToDtz+KXa1PneJxOA==",
      "requires": {
        "is-plain-object": "^2.0.4"
      }
    },
    "is-plain-object": {
      "version": "2.0.4",
      "resolved": "https://cd.smartface.io/repository/npm-all-public/is-plain-object/-/is-plain-object-2.0.4.tgz",
      "integrity": "sha512-h5PpgXkWitc38BBMYawTYMWJHFZJVnBquFE57xFpjB8pJFiF6gZ+bU+WyI/yqXiFR5mdLsgYNaPe8uao6Uv9Og==",
      "requires": {
        "isobject": "^3.0.1"
      }
    },
    "isobject": {
      "version": "3.0.1",
      "resolved": "https://cd.smartface.io/repository/npm-all-public/isobject/-/isobject-3.0.1.tgz",
      "integrity": "sha1-TkMekrEalzFjaqH5yNHMvP2reN8="
    },
    "js-base": {
      "version": "1.0.5",
      "resolved": "https://cd.smartface.io/repository/npm-all-public/js-base/-/js-base-1.0.5.tgz",
      "integrity": "sha512-riZS7qUHOrEq26nK1cR7TjYSl7iJXWjNnW3nP4yFUs4vjfOYMUVD44ku/1b0FcJ1xDG3aQXoARx0S+4ZuUQZ5A=="
    },
    "keyboardlayout": {
      "version": "2.0.7",
      "resolved": "https://cd.smartface.io/repository/npm-all-public/keyboardlayout/-/keyboardlayout-2.0.7.tgz",
      "integrity": "sha512-JDbmlClpjOM9TEehHJcH4njccO7zhd6D1Ovg5Ig3BPHQx7m/TJ3nuAZtHHKiXQLkwyW8/REPbZqp4ton9Qrtyw==",
      "requires": {
        "@smartface/contx": "^3.0.1"
      }
    },
    "materialtextbox": {
      "version": "4.0.22",
      "resolved": "https://cd.smartface.io/repository/npm-all-public/materialtextbox/-/materialtextbox-4.0.22.tgz",
      "integrity": "sha512-wC8rwh8ZDnZzj8s5DkskB5DCqqwRm8Iq0dhV+UN8Mz3aziZ2cvYlojxiE2hmWGMHN+PtCLOg+HzxYz7Fy1q4BA==",
      "requires": {
        "@smartface/contx": "^3.0.1"
      }
    },
    "mixin-deep": {
      "version": "1.3.2",
      "resolved": "https://cd.smartface.io/repository/npm-all-public/mixin-deep/-/mixin-deep-1.3.2.tgz",
      "integrity": "sha512-WRoDn//mXBiJ1H40rqa3vH0toePwSsGb45iInWlTySa+Uu4k3tYUSxa2v1KqAiLtvlrSzaExqS1gtk96A9zvEA==",
      "requires": {
        "for-in": "^1.0.2",
        "is-extendable": "^1.0.1"
      }
    },
    "path-to-regexp": {
      "version": "2.4.0",
      "resolved": "https://cd.smartface.io/repository/npm-all-public/path-to-regexp/-/path-to-regexp-2.4.0.tgz",
      "integrity": "sha512-G6zHoVqC6GGTQkZwF4lkuEyMbVOjoBKAEybQUypI1WTkqinCOrq2x6U2+phkJ1XsEMTy4LjtwPI7HW+NVrRR2w=="
    },
    "query-string": {
      "version": "6.14.1",
      "resolved": "https://cd.smartface.io/repository/npm-all-public/query-string/-/query-string-6.14.1.tgz",
      "integrity": "sha512-XDxAeVmpfu1/6IjyT/gXHOl+S0vQ9owggJ30hhWKdHAsNPOcasn5o9BW0eejZqL2e4vMjhAxoW3jVHcD6mbcYw==",
      "requires": {
        "decode-uri-component": "^0.2.0",
        "filter-obj": "^1.1.0",
        "split-on-first": "^1.0.0",
        "strict-uri-encode": "^2.0.0"
      }
    },
    "resolve-pathname": {
      "version": "2.2.0",
      "resolved": "https://cd.smartface.io/repository/npm-all-public/resolve-pathname/-/resolve-pathname-2.2.0.tgz",
      "integrity": "sha512-bAFz9ld18RzJfddgrO2e/0S2O81710++chRMUxHjXOYKF6jTAMrUNZrEZ1PvV0zlhfjidm08iRPdTLPno1FuRg=="
    },
    "semver": {
      "version": "5.7.1",
      "resolved": "https://cd.smartface.io/repository/npm-all-public/semver/-/semver-5.7.1.tgz",
      "integrity": "sha512-sauaDf/PZdVgrLTNYHRtpXa1iRiKcaebiKQ1BJdpQlWH2lCvexQdX55snPFyK7QzpudqbCI0qXFfOasHdyNDGQ=="
    },
    "sf-core": {
      "version": "4.3.1",
      "resolved": "https://cd.smartface.io/repository/npm-all-public/sf-core/-/sf-core-4.3.1.tgz",
      "integrity": "sha1-b1VBIUJgPLPnNFeTTQOZPaY1lb0="
    },
    "sf-extension-utils": {
      "version": "14.10.3",
      "resolved": "https://cd.smartface.io/repository/npm-all-public/sf-extension-utils/-/sf-extension-utils-14.10.3.tgz",
      "integrity": "sha512-o4jkuPGtW80xqUNnUgFevKrhazj1bMQg90BpB2I82ebZk96u2tHB3YJRr6+HMAnKy4EwKTjEBmzEEZblicOZAg==",
      "requires": {
        "html-parse-stringify": "1.0.2",
        "mixin-deep": "^1.3.1",
        "query-string": "^6.10.1",
        "semver": "^5.7.1",
        "squel": "^5.13.0",
        "tinycolor2": "^1.4.1",
        "wolfy87-eventemitter": "^5.2.9"
      }
    },
    "source-map": {
      "version": "0.6.1",
      "resolved": "https://cd.smartface.io/repository/npm-all-public/source-map/-/source-map-0.6.1.tgz",
      "integrity": "sha512-UjgapumWlbMhkBgzT7Ykc5YXUT46F0iKu8SGXq0bcwP5dz/h0Plj6enJqjz1Zbq2l5WaqYnrVbwWOWMyF3F47g=="
    },
    "split-on-first": {
      "version": "1.1.0",
      "resolved": "https://cd.smartface.io/repository/npm-all-public/split-on-first/-/split-on-first-1.1.0.tgz",
      "integrity": "sha512-43ZssAJaMusuKWL8sKUBQXHWOpq8d6CfN/u1p4gUzfJkM05C8rxTmYrkIPTXapZpORA6LkkzcUulJ8FqA7Uudw=="
    },
    "squel": {
      "version": "5.13.0",
      "resolved": "https://cd.smartface.io/repository/npm-all-public/squel/-/squel-5.13.0.tgz",
      "integrity": "sha512-Fzd8zqbuqNwzodO3yO6MkX8qiDoVBuwqAaa3eKNz4idhBf24IQHbatBhLUiHAGGl962eGvPVRxzRuFWZlSf49w=="
    },
    "strict-uri-encode": {
      "version": "2.0.0",
      "resolved": "https://cd.smartface.io/repository/npm-all-public/strict-uri-encode/-/strict-uri-encode-2.0.0.tgz",
      "integrity": "sha1-ucczDHBChi9rFC3CdLvMWGbONUY="
    },
    "tinycolor2": {
      "version": "1.4.2",
      "resolved": "https://cd.smartface.io/repository/npm-all-public/tinycolor2/-/tinycolor2-1.4.2.tgz",
      "integrity": "sha512-vJhccZPs965sV/L2sU4oRQVAos0pQXwsvTLkWYdqJ+a8Q5kPFzJTuOFwy7UniPli44NKQGAglksjvOcpo95aZA=="
    },
    "void-elements": {
      "version": "1.0.0",
      "resolved": "https://cd.smartface.io/repository/npm-all-public/void-elements/-/void-elements-1.0.0.tgz",
      "integrity": "sha1-bl2x411ZH1rGkM4aNA95OoF7LCo="
    },
    "wolfy87-eventemitter": {
      "version": "5.2.9",
      "resolved": "https://cd.smartface.io/repository/npm-all-public/wolfy87-eventemitter/-/wolfy87-eventemitter-5.2.9.tgz",
      "integrity": "sha512-P+6vtWyuDw+MB01X7UeF8TaHBvbCovf4HPEMF/SV7BdDc1SMTiBy13SRD71lQh4ExFTG1d/WNzDGDCyOKSMblw=="
    }
  }
}
