{
  "name": "scripts",
  "lockfileVersion": 2,
  "requires": true,
  "packages": {
    "": {
      "dependencies": {
        "@smartface/component-keyboardlayout": "^4.0.0",
        "@smartface/component-materialtextbox": "^6.0.1",
        "@smartface/contx": "4.0.0",
        "@smartface/extension-utils": "^16.2.2",
        "@smartface/native": "4.3.5",
        "@smartface/router": "2.0.0",
        "@smartface/styler": "2.0.0",
        "source-map": "0.6.1"
      }
    },
    "node_modules/@smartface/component-keyboardlayout": {
      "version": "4.0.1",
      "hasInstallScript": true,
      "license": "MIT",
      "peerDependencies": {
        "@smartface/contx": "4.0.0",
        "@smartface/native": "^4.3.5 || ^4.3.5-beta || ^4.3.5.alpha || ^4.3.6-beta || ^4.3.6.alpha"
      }
    },
    "node_modules/@smartface/component-materialtextbox": {
      "version": "6.0.4",
      "hasInstallScript": true,
      "license": "MIT",
      "peerDependencies": {
        "@smartface/contx": "^4.0.0",
        "@smartface/native": "^4.3.4 || ^4.3.5-beta || ^4.3.5.alpha"
      }
    },
    "node_modules/@smartface/contx": {
      "version": "4.0.0",
      "resolved": "https://registry.npmjs.org/@smartface/contx/-/contx-4.0.0.tgz",
      "integrity": "sha512-RH5IH05iAXMIjFayvxcLlcqqTTvdIGcDkvTP4JrKnDTTFXMndiirZY8DMha3PrEkxcuY+zFkQimFD+nE7DmpTg==",
      "dependencies": {
        "@smartface/html-to-text": "^1.0.0",
        "@smartface/styler": "^2.0.0",
        "filtrex": "^0.5.4"
      }
    },
    "node_modules/@smartface/extension-utils": {
      "version": "16.2.9",
      "license": "MIT",
      "dependencies": {
        "apexcharts": "^3.26.3",
        "html-parse-stringify": "1.0.2",
        "mixin-deep": "^1.3.1",
        "query-string": "^6.10.1",
        "semver": "^5.7.1",
        "squel": "^5.13.0",
        "tinycolor2": "^1.4.1",
        "wolfy87-eventemitter": "^5.2.9"
      }
    },
    "node_modules/@smartface/html-to-text": {
      "version": "1.2.0",
      "license": "ISC",
      "dependencies": {
        "html-parse-stringify": "1.0.2"
      }
    },
    "node_modules/@smartface/native": {
      "version": "4.3.5",
      "resolved": "https://registry.npmjs.org/@smartface/native/-/native-4.3.5.tgz",
      "integrity": "sha512-/mgbbu/tPbbEmPlsVWsDOAgfdDkAt3PIZmINvwFXeX1A4DeEahtCzjcMWNUaCZZTtcrHtRfCPWzTZuRcjIkZCg==",
      "dependencies": {
        "events": "^3.3.0"
      }
    },
    "node_modules/@smartface/router": {
      "version": "2.0.0",
      "resolved": "https://registry.npmjs.org/@smartface/router/-/router-2.0.0.tgz",
      "integrity": "sha512-DLvDPAKMaFl7BxNf25/nsv0rtr5w39CUJJIj4hjuKy6MKCt9RQFyVItwfFWlIYv+OB79bXF5YI+yuRBl6hW34g==",
      "dependencies": {
        "path-to-regexp": "^2.4.0",
        "resolve-pathname": "^2.2.0"
      },
      "peerDependencies": {
        "@smartface/native": "^4.3.4 || ^4.3.5-beta || ^4.3.5.alpha"
      }
    },
    "node_modules/@smartface/styler": {
      "version": "2.0.0",
      "license": "MIT"
    },
    "node_modules/apexcharts": {
      "version": "3.32.1",
      "license": "MIT",
      "dependencies": {
        "svg.draggable.js": "^2.2.2",
        "svg.easing.js": "^2.0.0",
        "svg.filter.js": "^2.0.2",
        "svg.pathmorphing.js": "^0.1.3",
        "svg.resize.js": "^1.4.3",
        "svg.select.js": "^3.0.1"
      }
    },
    "node_modules/decode-uri-component": {
      "version": "0.2.0",
      "license": "MIT",
      "engines": {
        "node": ">=0.10"
      }
    },
    "node_modules/events": {
      "version": "3.3.0",
      "license": "MIT",
      "engines": {
        "node": ">=0.8.x"
      }
    },
    "node_modules/filter-obj": {
      "version": "1.1.0",
      "license": "MIT",
      "engines": {
        "node": ">=0.10.0"
      }
    },
    "node_modules/filtrex": {
      "version": "0.5.4",
      "license": "MIT"
    },
    "node_modules/for-in": {
      "version": "1.0.2",
      "license": "MIT",
      "engines": {
        "node": ">=0.10.0"
      }
    },
    "node_modules/html-parse-stringify": {
      "version": "1.0.2",
      "license": "MIT",
      "dependencies": {
        "void-elements": "^1.0.0"
      }
    },
    "node_modules/is-extendable": {
      "version": "1.0.1",
      "license": "MIT",
      "dependencies": {
        "is-plain-object": "^2.0.4"
      },
      "engines": {
        "node": ">=0.10.0"
      }
    },
    "node_modules/is-plain-object": {
      "version": "2.0.4",
      "license": "MIT",
      "dependencies": {
        "isobject": "^3.0.1"
      },
      "engines": {
        "node": ">=0.10.0"
      }
    },
    "node_modules/isobject": {
      "version": "3.0.1",
      "license": "MIT",
      "engines": {
        "node": ">=0.10.0"
      }
    },
    "node_modules/mixin-deep": {
      "version": "1.3.2",
      "license": "MIT",
      "dependencies": {
        "for-in": "^1.0.2",
        "is-extendable": "^1.0.1"
      },
      "engines": {
        "node": ">=0.10.0"
      }
    },
    "node_modules/path-to-regexp": {
      "version": "2.4.0",
      "license": "MIT"
    },
    "node_modules/query-string": {
      "version": "6.14.1",
      "license": "MIT",
      "dependencies": {
        "decode-uri-component": "^0.2.0",
        "filter-obj": "^1.1.0",
        "split-on-first": "^1.0.0",
        "strict-uri-encode": "^2.0.0"
      },
      "engines": {
        "node": ">=6"
      },
      "funding": {
        "url": "https://github.com/sponsors/sindresorhus"
      }
    },
    "node_modules/resolve-pathname": {
      "version": "2.2.0",
      "license": "MIT"
    },
    "node_modules/semver": {
      "version": "5.7.1",
      "license": "ISC",
      "bin": {
        "semver": "bin/semver"
      }
    },
    "node_modules/source-map": {
      "version": "0.6.1",
      "license": "BSD-3-Clause",
      "engines": {
        "node": ">=0.10.0"
      }
    },
    "node_modules/split-on-first": {
      "version": "1.1.0",
      "license": "MIT",
      "engines": {
        "node": ">=6"
      }
    },
    "node_modules/squel": {
      "version": "5.13.0",
      "engines": {
        "node": ">= 0.12.0"
      }
    },
    "node_modules/strict-uri-encode": {
      "version": "2.0.0",
      "license": "MIT",
      "engines": {
        "node": ">=4"
      }
    },
    "node_modules/svg.draggable.js": {
      "version": "2.2.2",
      "license": "MIT",
      "dependencies": {
        "svg.js": "^2.0.1"
      },
      "engines": {
        "node": ">= 0.8.0"
      }
    },
    "node_modules/svg.easing.js": {
      "version": "2.0.0",
      "license": "MIT",
      "dependencies": {
        "svg.js": ">=2.3.x"
      },
      "engines": {
        "node": ">= 0.8.0"
      }
    },
    "node_modules/svg.filter.js": {
      "version": "2.0.2",
      "license": "MIT",
      "dependencies": {
        "svg.js": "^2.2.5"
      },
      "engines": {
        "node": ">= 0.8.0"
      }
    },
    "node_modules/svg.js": {
      "version": "2.7.1",
      "license": "MIT"
    },
    "node_modules/svg.pathmorphing.js": {
      "version": "0.1.3",
      "license": "MIT",
      "dependencies": {
        "svg.js": "^2.4.0"
      },
      "engines": {
        "node": ">= 0.8.0"
      }
    },
    "node_modules/svg.resize.js": {
      "version": "1.4.3",
      "license": "MIT",
      "dependencies": {
        "svg.js": "^2.6.5",
        "svg.select.js": "^2.1.2"
      },
      "engines": {
        "node": ">= 0.8.0"
      }
    },
    "node_modules/svg.resize.js/node_modules/svg.select.js": {
      "version": "2.1.2",
      "license": "MIT",
      "dependencies": {
        "svg.js": "^2.2.5"
      },
      "engines": {
        "node": ">= 0.8.0"
      }
    },
    "node_modules/svg.select.js": {
      "version": "3.0.1",
      "license": "MIT",
      "dependencies": {
        "svg.js": "^2.6.5"
      },
      "engines": {
        "node": ">= 0.8.0"
      }
    },
    "node_modules/tinycolor2": {
      "version": "1.4.2",
      "license": "MIT",
      "engines": {
        "node": "*"
      }
    },
    "node_modules/void-elements": {
      "version": "1.0.0",
      "license": "MIT",
      "engines": {
        "node": ">=0.10.0"
      }
    },
    "node_modules/wolfy87-eventemitter": {
      "version": "5.2.9",
      "license": "Unlicense"
    }
  },
  "dependencies": {
    "@smartface/component-keyboardlayout": {
      "version": "4.0.1",
      "requires": {}
    },
    "@smartface/component-materialtextbox": {
      "version": "6.0.4",
      "requires": {}
    },
    "@smartface/contx": {
      "version": "4.0.0",
      "resolved": "https://registry.npmjs.org/@smartface/contx/-/contx-4.0.0.tgz",
      "integrity": "sha512-RH5IH05iAXMIjFayvxcLlcqqTTvdIGcDkvTP4JrKnDTTFXMndiirZY8DMha3PrEkxcuY+zFkQimFD+nE7DmpTg==",
      "requires": {
        "@smartface/html-to-text": "^1.0.0",
        "@smartface/styler": "^2.0.0",
        "filtrex": "^0.5.4"
      }
    },
    "@smartface/extension-utils": {
      "version": "16.2.9",
      "requires": {
        "apexcharts": "^3.26.3",
        "html-parse-stringify": "1.0.2",
        "mixin-deep": "^1.3.1",
        "query-string": "^6.10.1",
        "semver": "^5.7.1",
        "squel": "^5.13.0",
        "tinycolor2": "^1.4.1",
        "wolfy87-eventemitter": "^5.2.9"
      }
    },
    "@smartface/html-to-text": {
      "version": "1.2.0",
      "requires": {
        "html-parse-stringify": "1.0.2"
      }
    },
    "@smartface/native": {
      "version": "4.3.5",
      "resolved": "https://registry.npmjs.org/@smartface/native/-/native-4.3.5.tgz",
      "integrity": "sha512-/mgbbu/tPbbEmPlsVWsDOAgfdDkAt3PIZmINvwFXeX1A4DeEahtCzjcMWNUaCZZTtcrHtRfCPWzTZuRcjIkZCg==",
      "requires": {
        "events": "^3.3.0"
      }
    },
    "@smartface/router": {
      "version": "2.0.0",
      "resolved": "https://registry.npmjs.org/@smartface/router/-/router-2.0.0.tgz",
      "integrity": "sha512-DLvDPAKMaFl7BxNf25/nsv0rtr5w39CUJJIj4hjuKy6MKCt9RQFyVItwfFWlIYv+OB79bXF5YI+yuRBl6hW34g==",
      "requires": {
        "path-to-regexp": "^2.4.0",
        "resolve-pathname": "^2.2.0"
      }
    },
    "@smartface/styler": {
      "version": "2.0.0"
    },
    "apexcharts": {
      "version": "3.32.1",
      "requires": {
        "svg.draggable.js": "^2.2.2",
        "svg.easing.js": "^2.0.0",
        "svg.filter.js": "^2.0.2",
        "svg.pathmorphing.js": "^0.1.3",
        "svg.resize.js": "^1.4.3",
        "svg.select.js": "^3.0.1"
      }
    },
    "decode-uri-component": {
      "version": "0.2.0"
    },
    "events": {
      "version": "3.3.0"
    },
    "filter-obj": {
      "version": "1.1.0"
    },
    "filtrex": {
      "version": "0.5.4"
    },
    "for-in": {
      "version": "1.0.2"
    },
    "html-parse-stringify": {
      "version": "1.0.2",
      "requires": {
        "void-elements": "^1.0.0"
      }
    },
    "is-extendable": {
      "version": "1.0.1",
      "requires": {
        "is-plain-object": "^2.0.4"
      }
    },
    "is-plain-object": {
      "version": "2.0.4",
      "requires": {
        "isobject": "^3.0.1"
      }
    },
    "isobject": {
      "version": "3.0.1"
    },
    "mixin-deep": {
      "version": "1.3.2",
      "requires": {
        "for-in": "^1.0.2",
        "is-extendable": "^1.0.1"
      }
    },
    "path-to-regexp": {
      "version": "2.4.0"
    },
    "query-string": {
      "version": "6.14.1",
      "requires": {
        "decode-uri-component": "^0.2.0",
        "filter-obj": "^1.1.0",
        "split-on-first": "^1.0.0",
        "strict-uri-encode": "^2.0.0"
      }
    },
    "resolve-pathname": {
      "version": "2.2.0"
    },
    "semver": {
      "version": "5.7.1"
    },
    "source-map": {
      "version": "0.6.1"
    },
    "split-on-first": {
      "version": "1.1.0"
    },
    "squel": {
      "version": "5.13.0"
    },
    "strict-uri-encode": {
      "version": "2.0.0"
    },
    "svg.draggable.js": {
      "version": "2.2.2",
      "requires": {
        "svg.js": "^2.0.1"
      }
    },
    "svg.easing.js": {
      "version": "2.0.0",
      "requires": {
        "svg.js": ">=2.3.x"
      }
    },
    "svg.filter.js": {
      "version": "2.0.2",
      "requires": {
        "svg.js": "^2.2.5"
      }
    },
    "svg.js": {
      "version": "2.7.1"
    },
    "svg.pathmorphing.js": {
      "version": "0.1.3",
      "requires": {
        "svg.js": "^2.4.0"
      }
    },
    "svg.resize.js": {
      "version": "1.4.3",
      "requires": {
        "svg.js": "^2.6.5",
        "svg.select.js": "^2.1.2"
      },
      "dependencies": {
        "svg.select.js": {
          "version": "2.1.2",
          "requires": {
            "svg.js": "^2.2.5"
          }
        }
      }
    },
    "svg.select.js": {
      "version": "3.0.1",
      "requires": {
        "svg.js": "^2.6.5"
      }
    },
    "tinycolor2": {
      "version": "1.4.2"
    },
    "void-elements": {
      "version": "1.0.0"
    },
    "wolfy87-eventemitter": {
      "version": "5.2.9"
    }
  }
}
