{
  "name": "scripts",
  "lockfileVersion": 2,
  "requires": true,
  "packages": {
    "": {
      "dependencies": {
        "@smartface/component-keyboardlayout": "^4.0.0",
        "@smartface/component-materialtextbox": "^6.0.1",
        "@smartface/contx": "^4.0.0",
        "@smartface/extension-utils": "^16.2.2",
        "@smartface/native": "^4.3.5",
        "@smartface/router": "2.0.0",
        "@smartface/styler": "^2.0.0",
        "source-map": "0.6.1"
      }
    },
    "node_modules/@smartface/component-keyboardlayout": {
      "version": "4.0.0",
      "resolved": "https://registry.npmjs.org/@smartface/component-keyboardlayout/-/component-keyboardlayout-4.0.0.tgz",
      "integrity": "sha512-WKHXs2yhu6V0nTL7ig+z+964ciubXqNGjT6C1D7VifsedT1iwifnz9WsUo1PzybJFVrptao9+EIcnGbnTrmyQA==",
      "hasInstallScript": true,
      "peerDependencies": {
        "@smartface/contx": "4.0.0",
        "@smartface/extension-utils": "^16.0.0",
        "@smartface/native": "^4.3.4 || ^4.3.5-beta || ^4.3.5.alpha"
      }
    },
    "node_modules/@smartface/component-materialtextbox": {
      "version": "6.0.2",
      "resolved": "https://registry.npmjs.org/@smartface/component-materialtextbox/-/component-materialtextbox-6.0.2.tgz",
      "integrity": "sha512-40rG3QVHAF0pXgQ3l3qRcGTqlc+ugSEwnP+/ZbBFU2fzctZ5h1v5AAhIkIPnEZXg8JPMC2kfo7JrOSHfLt6ViQ==",
      "hasInstallScript": true,
      "peerDependencies": {
        "@smartface/contx": "^4.0.0",
        "@smartface/extension-utils": "^16.0.0",
        "@smartface/native": "^4.3.4 || ^4.3.5-beta || ^4.3.5.alpha"
      }
    },
    "node_modules/@smartface/contx": {
      "version": "4.0.0",
      "resolved": "https://registry.npmjs.org/@smartface/contx/-/contx-4.0.0.tgz",
      "integrity": "sha512-RH5IH05iAXMIjFayvxcLlcqqTTvdIGcDkvTP4JrKnDTTFXMndiirZY8DMha3PrEkxcuY+zFkQimFD+nE7DmpTg==",
      "dependencies": {
        "@smartface/html-to-text": "^1.0.0",
        "@smartface/styler": "^2.0.0",
        "filtrex": "^0.5.4"
      }
    },
    "node_modules/@smartface/extension-utils": {
      "version": "16.2.4",
      "resolved": "https://registry.npmjs.org/@smartface/extension-utils/-/extension-utils-16.2.4.tgz",
      "integrity": "sha512-5HEJz4aOwIRZCDHrwAY5fADYgztPWs9X6uJi4lftuXXJw2P3/3IwO3zHTFkRC8ss6g/uHzzwPbbF8vlELyr7Nw==",
      "dependencies": {
        "apexcharts": "^3.26.3",
        "html-parse-stringify": "1.0.2",
        "mixin-deep": "^1.3.1",
        "query-string": "^6.10.1",
        "semver": "^5.7.1",
        "squel": "^5.13.0",
        "tinycolor2": "^1.4.1",
        "wolfy87-eventemitter": "^5.2.9"
      },
      "peerDependencies": {
        "@smartface/contx": "^4.0.0 || ^4.0.0-rc || ^4.0.1-rc",
        "@smartface/native": "^4.3.5-beta.4 || ^4.3.5.alpha",
        "@smartface/router": "^2.0.0 || ^2.0.0-rc"
      }
    },
    "node_modules/@smartface/html-to-text": {
      "version": "1.2.0",
      "resolved": "https://registry.npmjs.org/@smartface/html-to-text/-/html-to-text-1.2.0.tgz",
      "integrity": "sha512-yKoQY2nfWiVEfXKdqvtswxPTQjt+WeNZl8gqnUXxRzZcm/trzcyHx8KGzTQHdLysQCDtOQhyIZXPTaWlFaFzFg==",
      "dependencies": {
        "html-parse-stringify": "1.0.2"
      }
    },
    "node_modules/@smartface/native": {
      "version": "4.3.5",
      "resolved": "https://registry.npmjs.org/@smartface/native/-/native-4.3.5.tgz",
      "integrity": "sha512-/mgbbu/tPbbEmPlsVWsDOAgfdDkAt3PIZmINvwFXeX1A4DeEahtCzjcMWNUaCZZTtcrHtRfCPWzTZuRcjIkZCg==",
      "dependencies": {
        "events": "^3.3.0"
      }
    },
    "node_modules/@smartface/router": {
      "version": "2.0.0",
      "resolved": "https://registry.npmjs.org/@smartface/router/-/router-2.0.0.tgz",
      "integrity": "sha512-DLvDPAKMaFl7BxNf25/nsv0rtr5w39CUJJIj4hjuKy6MKCt9RQFyVItwfFWlIYv+OB79bXF5YI+yuRBl6hW34g==",
      "dependencies": {
        "path-to-regexp": "^2.4.0",
        "resolve-pathname": "^2.2.0"
      },
      "peerDependencies": {
        "@smartface/native": "^4.3.4 || ^4.3.5-beta || ^4.3.5.alpha"
      }
    },
    "node_modules/@smartface/styler": {
      "version": "2.0.0",
      "resolved": "https://registry.npmjs.org/@smartface/styler/-/styler-2.0.0.tgz",
      "integrity": "sha512-XLgoSUdXM8l0xHFIHV85ZEwzlYl07be2qi+Ca9p3lU1oE8STetxLFR3z7LD8eIq5Wp0Vzoh9xDsGdu0gTwo/dw=="
    },
    "node_modules/apexcharts": {
      "version": "3.29.0",
      "resolved": "https://registry.npmjs.org/apexcharts/-/apexcharts-3.29.0.tgz",
      "integrity": "sha512-PhI17VayidYAbLb5/g+7WOeirgFrVopzt0qGwLq8V+cd6NXx4CeHYq3S0pDZiUGO7UFQ4YIrT8+ie9/Fnler+w==",
      "dependencies": {
        "svg.draggable.js": "^2.2.2",
        "svg.easing.js": "^2.0.0",
        "svg.filter.js": "^2.0.2",
        "svg.pathmorphing.js": "^0.1.3",
        "svg.resize.js": "^1.4.3",
        "svg.select.js": "^3.0.1"
      }
    },
    "node_modules/decode-uri-component": {
      "version": "0.2.0",
      "resolved": "https://registry.npmjs.org/decode-uri-component/-/decode-uri-component-0.2.0.tgz",
      "integrity": "sha1-6zkTMzRYd1y4TNGh+uBiEGu4dUU=",
      "engines": {
        "node": ">=0.10"
      }
    },
    "node_modules/events": {
      "version": "3.3.0",
      "resolved": "https://registry.npmjs.org/events/-/events-3.3.0.tgz",
      "integrity": "sha512-mQw+2fkQbALzQ7V0MY0IqdnXNOeTtP4r0lN9z7AAawCXgqea7bDii20AYrIBrFd/Hx0M2Ocz6S111CaFkUcb0Q==",
      "engines": {
        "node": ">=0.8.x"
      }
    },
    "node_modules/filter-obj": {
      "version": "1.1.0",
      "resolved": "https://registry.npmjs.org/filter-obj/-/filter-obj-1.1.0.tgz",
      "integrity": "sha1-mzERErxsYSehbgFsbF1/GeCAXFs=",
      "engines": {
        "node": ">=0.10.0"
      }
    },
    "node_modules/filtrex": {
      "version": "0.5.4",
      "resolved": "https://registry.npmjs.org/filtrex/-/filtrex-0.5.4.tgz",
      "integrity": "sha1-mAddUY8GjE9Yt7WJoifZi9n2OV0="
    },
    "node_modules/for-in": {
      "version": "1.0.2",
      "resolved": "https://registry.npmjs.org/for-in/-/for-in-1.0.2.tgz",
      "integrity": "sha1-gQaNKVqBQuwKxybG4iAMMPttXoA=",
      "engines": {
        "node": ">=0.10.0"
      }
    },
    "node_modules/html-parse-stringify": {
      "version": "1.0.2",
      "resolved": "https://registry.npmjs.org/html-parse-stringify/-/html-parse-stringify-1.0.2.tgz",
      "integrity": "sha1-EgjpjNdDCtfvsS4ees7pIU/SIoM=",
      "dependencies": {
        "void-elements": "^1.0.0"
      }
    },
    "node_modules/is-extendable": {
      "version": "1.0.1",
      "resolved": "https://registry.npmjs.org/is-extendable/-/is-extendable-1.0.1.tgz",
      "integrity": "sha512-arnXMxT1hhoKo9k1LZdmlNyJdDDfy2v0fXjFlmok4+i8ul/6WlbVge9bhM74OpNPQPMGUToDtz+KXa1PneJxOA==",
      "dependencies": {
        "is-plain-object": "^2.0.4"
      },
      "engines": {
        "node": ">=0.10.0"
      }
    },
    "node_modules/is-plain-object": {
      "version": "2.0.4",
      "resolved": "https://registry.npmjs.org/is-plain-object/-/is-plain-object-2.0.4.tgz",
      "integrity": "sha512-h5PpgXkWitc38BBMYawTYMWJHFZJVnBquFE57xFpjB8pJFiF6gZ+bU+WyI/yqXiFR5mdLsgYNaPe8uao6Uv9Og==",
      "dependencies": {
        "isobject": "^3.0.1"
      },
      "engines": {
        "node": ">=0.10.0"
      }
    },
    "node_modules/isobject": {
      "version": "3.0.1",
      "resolved": "https://registry.npmjs.org/isobject/-/isobject-3.0.1.tgz",
      "integrity": "sha1-TkMekrEalzFjaqH5yNHMvP2reN8=",
      "engines": {
        "node": ">=0.10.0"
      }
    },
    "node_modules/mixin-deep": {
      "version": "1.3.2",
      "resolved": "https://registry.npmjs.org/mixin-deep/-/mixin-deep-1.3.2.tgz",
      "integrity": "sha512-WRoDn//mXBiJ1H40rqa3vH0toePwSsGb45iInWlTySa+Uu4k3tYUSxa2v1KqAiLtvlrSzaExqS1gtk96A9zvEA==",
      "dependencies": {
        "for-in": "^1.0.2",
        "is-extendable": "^1.0.1"
      },
      "engines": {
        "node": ">=0.10.0"
      }
    },
    "node_modules/path-to-regexp": {
      "version": "2.4.0",
      "resolved": "https://registry.npmjs.org/path-to-regexp/-/path-to-regexp-2.4.0.tgz",
      "integrity": "sha512-G6zHoVqC6GGTQkZwF4lkuEyMbVOjoBKAEybQUypI1WTkqinCOrq2x6U2+phkJ1XsEMTy4LjtwPI7HW+NVrRR2w=="
    },
    "node_modules/query-string": {
      "version": "6.14.1",
      "resolved": "https://registry.npmjs.org/query-string/-/query-string-6.14.1.tgz",
      "integrity": "sha512-XDxAeVmpfu1/6IjyT/gXHOl+S0vQ9owggJ30hhWKdHAsNPOcasn5o9BW0eejZqL2e4vMjhAxoW3jVHcD6mbcYw==",
      "dependencies": {
        "decode-uri-component": "^0.2.0",
        "filter-obj": "^1.1.0",
        "split-on-first": "^1.0.0",
        "strict-uri-encode": "^2.0.0"
      },
      "engines": {
        "node": ">=6"
      },
      "funding": {
        "url": "https://github.com/sponsors/sindresorhus"
      }
    },
    "node_modules/resolve-pathname": {
      "version": "2.2.0",
      "resolved": "https://registry.npmjs.org/resolve-pathname/-/resolve-pathname-2.2.0.tgz",
      "integrity": "sha512-bAFz9ld18RzJfddgrO2e/0S2O81710++chRMUxHjXOYKF6jTAMrUNZrEZ1PvV0zlhfjidm08iRPdTLPno1FuRg=="
    },
    "node_modules/semver": {
      "version": "5.7.1",
      "resolved": "https://registry.npmjs.org/semver/-/semver-5.7.1.tgz",
      "integrity": "sha512-sauaDf/PZdVgrLTNYHRtpXa1iRiKcaebiKQ1BJdpQlWH2lCvexQdX55snPFyK7QzpudqbCI0qXFfOasHdyNDGQ==",
      "bin": {
        "semver": "bin/semver"
      }
    },
    "node_modules/source-map": {
      "version": "0.6.1",
      "resolved": "https://registry.npmjs.org/source-map/-/source-map-0.6.1.tgz",
      "integrity": "sha512-UjgapumWlbMhkBgzT7Ykc5YXUT46F0iKu8SGXq0bcwP5dz/h0Plj6enJqjz1Zbq2l5WaqYnrVbwWOWMyF3F47g==",
      "engines": {
        "node": ">=0.10.0"
      }
    },
    "node_modules/split-on-first": {
      "version": "1.1.0",
      "resolved": "https://registry.npmjs.org/split-on-first/-/split-on-first-1.1.0.tgz",
      "integrity": "sha512-43ZssAJaMusuKWL8sKUBQXHWOpq8d6CfN/u1p4gUzfJkM05C8rxTmYrkIPTXapZpORA6LkkzcUulJ8FqA7Uudw==",
      "engines": {
        "node": ">=6"
      }
    },
    "node_modules/squel": {
      "version": "5.13.0",
      "resolved": "https://registry.npmjs.org/squel/-/squel-5.13.0.tgz",
      "integrity": "sha512-Fzd8zqbuqNwzodO3yO6MkX8qiDoVBuwqAaa3eKNz4idhBf24IQHbatBhLUiHAGGl962eGvPVRxzRuFWZlSf49w==",
      "deprecated": "No longer maintained",
      "engines": {
        "node": ">= 0.12.0"
      }
    },
    "node_modules/strict-uri-encode": {
      "version": "2.0.0",
      "resolved": "https://registry.npmjs.org/strict-uri-encode/-/strict-uri-encode-2.0.0.tgz",
      "integrity": "sha1-ucczDHBChi9rFC3CdLvMWGbONUY=",
      "engines": {
        "node": ">=4"
      }
    },
    "node_modules/svg.draggable.js": {
      "version": "2.2.2",
      "resolved": "https://registry.npmjs.org/svg.draggable.js/-/svg.draggable.js-2.2.2.tgz",
      "integrity": "sha512-JzNHBc2fLQMzYCZ90KZHN2ohXL0BQJGQimK1kGk6AvSeibuKcIdDX9Kr0dT9+UJ5O8nYA0RB839Lhvk4CY4MZw==",
      "dependencies": {
        "svg.js": "^2.0.1"
      },
      "engines": {
        "node": ">= 0.8.0"
      }
    },
    "node_modules/svg.easing.js": {
      "version": "2.0.0",
      "resolved": "https://registry.npmjs.org/svg.easing.js/-/svg.easing.js-2.0.0.tgz",
      "integrity": "sha1-iqmUawqOJ4V6XEChDrpAkeVpHxI=",
      "dependencies": {
        "svg.js": ">=2.3.x"
      },
      "engines": {
        "node": ">= 0.8.0"
      }
    },
    "node_modules/svg.filter.js": {
      "version": "2.0.2",
      "resolved": "https://registry.npmjs.org/svg.filter.js/-/svg.filter.js-2.0.2.tgz",
      "integrity": "sha1-kQCOFROJ3ZIwd5/L5uLJo2LRwgM=",
      "dependencies": {
        "svg.js": "^2.2.5"
      },
      "engines": {
        "node": ">= 0.8.0"
      }
    },
    "node_modules/svg.js": {
      "version": "2.7.1",
      "resolved": "https://registry.npmjs.org/svg.js/-/svg.js-2.7.1.tgz",
      "integrity": "sha512-ycbxpizEQktk3FYvn/8BH+6/EuWXg7ZpQREJvgacqn46gIddG24tNNe4Son6omdXCnSOaApnpZw6MPCBA1dODA=="
    },
    "node_modules/svg.pathmorphing.js": {
      "version": "0.1.3",
      "resolved": "https://registry.npmjs.org/svg.pathmorphing.js/-/svg.pathmorphing.js-0.1.3.tgz",
      "integrity": "sha512-49HWI9X4XQR/JG1qXkSDV8xViuTLIWm/B/7YuQELV5KMOPtXjiwH4XPJvr/ghEDibmLQ9Oc22dpWpG0vUDDNww==",
      "dependencies": {
        "svg.js": "^2.4.0"
      },
      "engines": {
        "node": ">= 0.8.0"
      }
    },
    "node_modules/svg.resize.js": {
      "version": "1.4.3",
      "resolved": "https://registry.npmjs.org/svg.resize.js/-/svg.resize.js-1.4.3.tgz",
      "integrity": "sha512-9k5sXJuPKp+mVzXNvxz7U0uC9oVMQrrf7cFsETznzUDDm0x8+77dtZkWdMfRlmbkEEYvUn9btKuZ3n41oNA+uw==",
      "dependencies": {
        "svg.js": "^2.6.5",
        "svg.select.js": "^2.1.2"
      },
      "engines": {
        "node": ">= 0.8.0"
      }
    },
    "node_modules/svg.resize.js/node_modules/svg.select.js": {
      "version": "2.1.2",
      "resolved": "https://registry.npmjs.org/svg.select.js/-/svg.select.js-2.1.2.tgz",
      "integrity": "sha512-tH6ABEyJsAOVAhwcCjF8mw4crjXSI1aa7j2VQR8ZuJ37H2MBUbyeqYr5nEO7sSN3cy9AR9DUwNg0t/962HlDbQ==",
      "dependencies": {
        "svg.js": "^2.2.5"
      },
      "engines": {
        "node": ">= 0.8.0"
      }
    },
    "node_modules/svg.select.js": {
      "version": "3.0.1",
      "resolved": "https://registry.npmjs.org/svg.select.js/-/svg.select.js-3.0.1.tgz",
      "integrity": "sha512-h5IS/hKkuVCbKSieR9uQCj9w+zLHoPh+ce19bBYyqF53g6mnPB8sAtIbe1s9dh2S2fCmYX2xel1Ln3PJBbK4kw==",
      "dependencies": {
        "svg.js": "^2.6.5"
      },
      "engines": {
        "node": ">= 0.8.0"
      }
    },
    "node_modules/tinycolor2": {
      "version": "1.4.2",
      "resolved": "https://registry.npmjs.org/tinycolor2/-/tinycolor2-1.4.2.tgz",
      "integrity": "sha512-vJhccZPs965sV/L2sU4oRQVAos0pQXwsvTLkWYdqJ+a8Q5kPFzJTuOFwy7UniPli44NKQGAglksjvOcpo95aZA==",
      "engines": {
        "node": "*"
      }
    },
    "node_modules/void-elements": {
      "version": "1.0.0",
      "resolved": "https://registry.npmjs.org/void-elements/-/void-elements-1.0.0.tgz",
      "integrity": "sha1-bl2x411ZH1rGkM4aNA95OoF7LCo=",
      "engines": {
        "node": ">=0.10.0"
      }
    },
    "node_modules/wolfy87-eventemitter": {
      "version": "5.2.9",
      "resolved": "https://registry.npmjs.org/wolfy87-eventemitter/-/wolfy87-eventemitter-5.2.9.tgz",
      "integrity": "sha512-P+6vtWyuDw+MB01X7UeF8TaHBvbCovf4HPEMF/SV7BdDc1SMTiBy13SRD71lQh4ExFTG1d/WNzDGDCyOKSMblw=="
    }
  },
  "dependencies": {
    "@smartface/component-keyboardlayout": {
      "version": "4.0.0",
      "resolved": "https://registry.npmjs.org/@smartface/component-keyboardlayout/-/component-keyboardlayout-4.0.0.tgz",
      "integrity": "sha512-WKHXs2yhu6V0nTL7ig+z+964ciubXqNGjT6C1D7VifsedT1iwifnz9WsUo1PzybJFVrptao9+EIcnGbnTrmyQA==",
      "requires": {}
    },
    "@smartface/component-materialtextbox": {
      "version": "6.0.2",
      "resolved": "https://registry.npmjs.org/@smartface/component-materialtextbox/-/component-materialtextbox-6.0.2.tgz",
      "integrity": "sha512-40rG3QVHAF0pXgQ3l3qRcGTqlc+ugSEwnP+/ZbBFU2fzctZ5h1v5AAhIkIPnEZXg8JPMC2kfo7JrOSHfLt6ViQ==",
      "requires": {}
    },
    "@smartface/contx": {
      "version": "4.0.0",
      "resolved": "https://registry.npmjs.org/@smartface/contx/-/contx-4.0.0.tgz",
      "integrity": "sha512-RH5IH05iAXMIjFayvxcLlcqqTTvdIGcDkvTP4JrKnDTTFXMndiirZY8DMha3PrEkxcuY+zFkQimFD+nE7DmpTg==",
      "requires": {
        "@smartface/html-to-text": "^1.0.0",
        "@smartface/styler": "^2.0.0",
        "filtrex": "^0.5.4"
      }
    },
    "@smartface/extension-utils": {
      "version": "16.2.4",
      "resolved": "https://registry.npmjs.org/@smartface/extension-utils/-/extension-utils-16.2.4.tgz",
      "integrity": "sha512-5HEJz4aOwIRZCDHrwAY5fADYgztPWs9X6uJi4lftuXXJw2P3/3IwO3zHTFkRC8ss6g/uHzzwPbbF8vlELyr7Nw==",
      "requires": {
        "apexcharts": "^3.26.3",
        "html-parse-stringify": "1.0.2",
        "mixin-deep": "^1.3.1",
        "query-string": "^6.10.1",
        "semver": "^5.7.1",
        "squel": "^5.13.0",
        "tinycolor2": "^1.4.1",
        "wolfy87-eventemitter": "^5.2.9"
      }
    },
    "@smartface/html-to-text": {
      "version": "1.2.0",
      "resolved": "https://registry.npmjs.org/@smartface/html-to-text/-/html-to-text-1.2.0.tgz",
      "integrity": "sha512-yKoQY2nfWiVEfXKdqvtswxPTQjt+WeNZl8gqnUXxRzZcm/trzcyHx8KGzTQHdLysQCDtOQhyIZXPTaWlFaFzFg==",
      "requires": {
        "html-parse-stringify": "1.0.2"
      }
    },
    "@smartface/native": {
      "version": "4.3.5",
      "resolved": "https://registry.npmjs.org/@smartface/native/-/native-4.3.5.tgz",
      "integrity": "sha512-/mgbbu/tPbbEmPlsVWsDOAgfdDkAt3PIZmINvwFXeX1A4DeEahtCzjcMWNUaCZZTtcrHtRfCPWzTZuRcjIkZCg==",
      "requires": {
        "events": "^3.3.0"
      }
    },
    "@smartface/router": {
      "version": "2.0.0",
      "resolved": "https://registry.npmjs.org/@smartface/router/-/router-2.0.0.tgz",
      "integrity": "sha512-DLvDPAKMaFl7BxNf25/nsv0rtr5w39CUJJIj4hjuKy6MKCt9RQFyVItwfFWlIYv+OB79bXF5YI+yuRBl6hW34g==",
      "requires": {
        "path-to-regexp": "^2.4.0",
        "resolve-pathname": "^2.2.0"
      }
    },
    "@smartface/styler": {
      "version": "2.0.0",
      "resolved": "https://registry.npmjs.org/@smartface/styler/-/styler-2.0.0.tgz",
      "integrity": "sha512-XLgoSUdXM8l0xHFIHV85ZEwzlYl07be2qi+Ca9p3lU1oE8STetxLFR3z7LD8eIq5Wp0Vzoh9xDsGdu0gTwo/dw=="
    },
    "apexcharts": {
      "version": "3.29.0",
      "resolved": "https://registry.npmjs.org/apexcharts/-/apexcharts-3.29.0.tgz",
      "integrity": "sha512-PhI17VayidYAbLb5/g+7WOeirgFrVopzt0qGwLq8V+cd6NXx4CeHYq3S0pDZiUGO7UFQ4YIrT8+ie9/Fnler+w==",
      "requires": {
        "svg.draggable.js": "^2.2.2",
        "svg.easing.js": "^2.0.0",
        "svg.filter.js": "^2.0.2",
        "svg.pathmorphing.js": "^0.1.3",
        "svg.resize.js": "^1.4.3",
        "svg.select.js": "^3.0.1"
      }
    },
    "decode-uri-component": {
      "version": "0.2.0",
      "resolved": "https://registry.npmjs.org/decode-uri-component/-/decode-uri-component-0.2.0.tgz",
      "integrity": "sha1-6zkTMzRYd1y4TNGh+uBiEGu4dUU="
    },
    "events": {
      "version": "3.3.0",
      "resolved": "https://registry.npmjs.org/events/-/events-3.3.0.tgz",
      "integrity": "sha512-mQw+2fkQbALzQ7V0MY0IqdnXNOeTtP4r0lN9z7AAawCXgqea7bDii20AYrIBrFd/Hx0M2Ocz6S111CaFkUcb0Q=="
    },
    "filter-obj": {
      "version": "1.1.0",
      "resolved": "https://registry.npmjs.org/filter-obj/-/filter-obj-1.1.0.tgz",
      "integrity": "sha1-mzERErxsYSehbgFsbF1/GeCAXFs="
    },
    "filtrex": {
      "version": "0.5.4",
      "resolved": "https://registry.npmjs.org/filtrex/-/filtrex-0.5.4.tgz",
      "integrity": "sha1-mAddUY8GjE9Yt7WJoifZi9n2OV0="
    },
    "for-in": {
      "version": "1.0.2",
      "resolved": "https://registry.npmjs.org/for-in/-/for-in-1.0.2.tgz",
      "integrity": "sha1-gQaNKVqBQuwKxybG4iAMMPttXoA="
    },
    "html-parse-stringify": {
      "version": "1.0.2",
      "resolved": "https://registry.npmjs.org/html-parse-stringify/-/html-parse-stringify-1.0.2.tgz",
      "integrity": "sha1-EgjpjNdDCtfvsS4ees7pIU/SIoM=",
      "requires": {
        "void-elements": "^1.0.0"
      }
    },
    "is-extendable": {
      "version": "1.0.1",
      "resolved": "https://registry.npmjs.org/is-extendable/-/is-extendable-1.0.1.tgz",
      "integrity": "sha512-arnXMxT1hhoKo9k1LZdmlNyJdDDfy2v0fXjFlmok4+i8ul/6WlbVge9bhM74OpNPQPMGUToDtz+KXa1PneJxOA==",
      "requires": {
        "is-plain-object": "^2.0.4"
      }
    },
    "is-plain-object": {
      "version": "2.0.4",
      "resolved": "https://registry.npmjs.org/is-plain-object/-/is-plain-object-2.0.4.tgz",
      "integrity": "sha512-h5PpgXkWitc38BBMYawTYMWJHFZJVnBquFE57xFpjB8pJFiF6gZ+bU+WyI/yqXiFR5mdLsgYNaPe8uao6Uv9Og==",
      "requires": {
        "isobject": "^3.0.1"
      }
    },
    "isobject": {
      "version": "3.0.1",
      "resolved": "https://registry.npmjs.org/isobject/-/isobject-3.0.1.tgz",
      "integrity": "sha1-TkMekrEalzFjaqH5yNHMvP2reN8="
    },
    "mixin-deep": {
      "version": "1.3.2",
      "resolved": "https://registry.npmjs.org/mixin-deep/-/mixin-deep-1.3.2.tgz",
      "integrity": "sha512-WRoDn//mXBiJ1H40rqa3vH0toePwSsGb45iInWlTySa+Uu4k3tYUSxa2v1KqAiLtvlrSzaExqS1gtk96A9zvEA==",
      "requires": {
        "for-in": "^1.0.2",
        "is-extendable": "^1.0.1"
      }
    },
    "path-to-regexp": {
      "version": "2.4.0",
      "resolved": "https://registry.npmjs.org/path-to-regexp/-/path-to-regexp-2.4.0.tgz",
      "integrity": "sha512-G6zHoVqC6GGTQkZwF4lkuEyMbVOjoBKAEybQUypI1WTkqinCOrq2x6U2+phkJ1XsEMTy4LjtwPI7HW+NVrRR2w=="
    },
    "query-string": {
      "version": "6.14.1",
      "resolved": "https://registry.npmjs.org/query-string/-/query-string-6.14.1.tgz",
      "integrity": "sha512-XDxAeVmpfu1/6IjyT/gXHOl+S0vQ9owggJ30hhWKdHAsNPOcasn5o9BW0eejZqL2e4vMjhAxoW3jVHcD6mbcYw==",
      "requires": {
        "decode-uri-component": "^0.2.0",
        "filter-obj": "^1.1.0",
        "split-on-first": "^1.0.0",
        "strict-uri-encode": "^2.0.0"
      }
    },
    "resolve-pathname": {
      "version": "2.2.0",
      "resolved": "https://registry.npmjs.org/resolve-pathname/-/resolve-pathname-2.2.0.tgz",
      "integrity": "sha512-bAFz9ld18RzJfddgrO2e/0S2O81710++chRMUxHjXOYKF6jTAMrUNZrEZ1PvV0zlhfjidm08iRPdTLPno1FuRg=="
    },
    "semver": {
      "version": "5.7.1",
      "resolved": "https://registry.npmjs.org/semver/-/semver-5.7.1.tgz",
      "integrity": "sha512-sauaDf/PZdVgrLTNYHRtpXa1iRiKcaebiKQ1BJdpQlWH2lCvexQdX55snPFyK7QzpudqbCI0qXFfOasHdyNDGQ=="
    },
    "source-map": {
      "version": "0.6.1",
      "resolved": "https://registry.npmjs.org/source-map/-/source-map-0.6.1.tgz",
      "integrity": "sha512-UjgapumWlbMhkBgzT7Ykc5YXUT46F0iKu8SGXq0bcwP5dz/h0Plj6enJqjz1Zbq2l5WaqYnrVbwWOWMyF3F47g=="
    },
    "split-on-first": {
      "version": "1.1.0",
      "resolved": "https://registry.npmjs.org/split-on-first/-/split-on-first-1.1.0.tgz",
      "integrity": "sha512-43ZssAJaMusuKWL8sKUBQXHWOpq8d6CfN/u1p4gUzfJkM05C8rxTmYrkIPTXapZpORA6LkkzcUulJ8FqA7Uudw=="
    },
    "squel": {
      "version": "5.13.0",
      "resolved": "https://registry.npmjs.org/squel/-/squel-5.13.0.tgz",
      "integrity": "sha512-Fzd8zqbuqNwzodO3yO6MkX8qiDoVBuwqAaa3eKNz4idhBf24IQHbatBhLUiHAGGl962eGvPVRxzRuFWZlSf49w=="
    },
    "strict-uri-encode": {
      "version": "2.0.0",
      "resolved": "https://registry.npmjs.org/strict-uri-encode/-/strict-uri-encode-2.0.0.tgz",
      "integrity": "sha1-ucczDHBChi9rFC3CdLvMWGbONUY="
    },
    "svg.draggable.js": {
      "version": "2.2.2",
      "resolved": "https://registry.npmjs.org/svg.draggable.js/-/svg.draggable.js-2.2.2.tgz",
      "integrity": "sha512-JzNHBc2fLQMzYCZ90KZHN2ohXL0BQJGQimK1kGk6AvSeibuKcIdDX9Kr0dT9+UJ5O8nYA0RB839Lhvk4CY4MZw==",
      "requires": {
        "svg.js": "^2.0.1"
      }
    },
    "svg.easing.js": {
      "version": "2.0.0",
      "resolved": "https://registry.npmjs.org/svg.easing.js/-/svg.easing.js-2.0.0.tgz",
      "integrity": "sha1-iqmUawqOJ4V6XEChDrpAkeVpHxI=",
      "requires": {
        "svg.js": ">=2.3.x"
      }
    },
    "svg.filter.js": {
      "version": "2.0.2",
      "resolved": "https://registry.npmjs.org/svg.filter.js/-/svg.filter.js-2.0.2.tgz",
      "integrity": "sha1-kQCOFROJ3ZIwd5/L5uLJo2LRwgM=",
      "requires": {
        "svg.js": "^2.2.5"
      }
    },
    "svg.js": {
      "version": "2.7.1",
      "resolved": "https://registry.npmjs.org/svg.js/-/svg.js-2.7.1.tgz",
      "integrity": "sha512-ycbxpizEQktk3FYvn/8BH+6/EuWXg7ZpQREJvgacqn46gIddG24tNNe4Son6omdXCnSOaApnpZw6MPCBA1dODA=="
    },
    "svg.pathmorphing.js": {
      "version": "0.1.3",
      "resolved": "https://registry.npmjs.org/svg.pathmorphing.js/-/svg.pathmorphing.js-0.1.3.tgz",
      "integrity": "sha512-49HWI9X4XQR/JG1qXkSDV8xViuTLIWm/B/7YuQELV5KMOPtXjiwH4XPJvr/ghEDibmLQ9Oc22dpWpG0vUDDNww==",
      "requires": {
        "svg.js": "^2.4.0"
      }
    },
    "svg.resize.js": {
      "version": "1.4.3",
      "resolved": "https://registry.npmjs.org/svg.resize.js/-/svg.resize.js-1.4.3.tgz",
      "integrity": "sha512-9k5sXJuPKp+mVzXNvxz7U0uC9oVMQrrf7cFsETznzUDDm0x8+77dtZkWdMfRlmbkEEYvUn9btKuZ3n41oNA+uw==",
      "requires": {
        "svg.js": "^2.6.5",
        "svg.select.js": "^2.1.2"
      },
      "dependencies": {
        "svg.select.js": {
          "version": "2.1.2",
          "resolved": "https://registry.npmjs.org/svg.select.js/-/svg.select.js-2.1.2.tgz",
          "integrity": "sha512-tH6ABEyJsAOVAhwcCjF8mw4crjXSI1aa7j2VQR8ZuJ37H2MBUbyeqYr5nEO7sSN3cy9AR9DUwNg0t/962HlDbQ==",
          "requires": {
            "svg.js": "^2.2.5"
          }
        }
      }
    },
    "svg.select.js": {
      "version": "3.0.1",
      "resolved": "https://registry.npmjs.org/svg.select.js/-/svg.select.js-3.0.1.tgz",
      "integrity": "sha512-h5IS/hKkuVCbKSieR9uQCj9w+zLHoPh+ce19bBYyqF53g6mnPB8sAtIbe1s9dh2S2fCmYX2xel1Ln3PJBbK4kw==",
      "requires": {
        "svg.js": "^2.6.5"
      }
    },
    "tinycolor2": {
      "version": "1.4.2",
      "resolved": "https://registry.npmjs.org/tinycolor2/-/tinycolor2-1.4.2.tgz",
      "integrity": "sha512-vJhccZPs965sV/L2sU4oRQVAos0pQXwsvTLkWYdqJ+a8Q5kPFzJTuOFwy7UniPli44NKQGAglksjvOcpo95aZA=="
    },
    "void-elements": {
      "version": "1.0.0",
      "resolved": "https://registry.npmjs.org/void-elements/-/void-elements-1.0.0.tgz",
      "integrity": "sha1-bl2x411ZH1rGkM4aNA95OoF7LCo="
    },
    "wolfy87-eventemitter": {
      "version": "5.2.9",
      "resolved": "https://registry.npmjs.org/wolfy87-eventemitter/-/wolfy87-eventemitter-5.2.9.tgz",
      "integrity": "sha512-P+6vtWyuDw+MB01X7UeF8TaHBvbCovf4HPEMF/SV7BdDc1SMTiBy13SRD71lQh4ExFTG1d/WNzDGDCyOKSMblw=="
    }
  }
}
