# THIS IS AN AUTOGENERATED FILE. DO NOT EDIT THIS FILE DIRECTLY.
# yarn lockfile v1


"@babel/runtime@^7.17.2":
  version "7.18.3"
  resolved "https://registry.yarnpkg.com/@babel/runtime/-/runtime-7.18.3.tgz#c7b654b57f6f63cf7f8b418ac9ca04408c4579f4"
  integrity sha512-38Y8f7YUhce/K7RMwTp7m0uCumpv9hZkitCbBClqQIow1qSbCvGkcegKOXpEWCQLfWmevgRiWokZ1GkpfhbZug==
  dependencies:
    regenerator-runtime "^0.13.4"

"@smartface/component-keyboardlayout@^5.0.0":
  version "5.0.4"
  resolved "https://registry.yarnpkg.com/@smartface/component-keyboardlayout/-/component-keyboardlayout-5.0.4.tgz#d204d2bb1695d04d2d4a5454ea08970c6256717b"
  integrity sha512-K/8VHTsYe0TS98F5CEB0V2RU8g43NMI1InWLHT0iUogSxsH2ilwf5RpwPojDr0n2vay6IiT1rEtrLKdZZ58tfw==

"@smartface/component-materialtextbox@^7.0.2":
  version "7.0.4"
  resolved "https://registry.yarnpkg.com/@smartface/component-materialtextbox/-/component-materialtextbox-7.0.4.tgz#e14bf6f6cb835d69629906b923d1d5de7279e334"
  integrity sha512-euOwFCSBFoW5JOYlB39A3x8I61z1XMjmfYn1Ak4FFPxuRZT+RneX0dZtrW+Ezxot3GHXp01j80SPoR6HK66btQ==

"@smartface/contx@^4.2.0":
  version "4.2.10"
  resolved "https://registry.yarnpkg.com/@smartface/contx/-/contx-4.2.10.tgz#4614e06dacf69960afd58ea7ae0b018421815b75"
  integrity sha512-b70hKqon0hTUC4Jzw10szar4HAVyu8wYWUFdBRqn5KkzTRwxMvfFiVhfGe4oNxAp2p+yeQvMNxtC36NGTW+nlg==
  dependencies:
    "@smartface/html-to-text" "^1.0.0"
    "@smartface/styler" "^2.0.0"
    filtrex "^0.5.4"

"@smartface/core@^5.0.3":
  version "5.0.3"
  resolved "https://registry.yarnpkg.com/@smartface/core/-/core-5.0.3.tgz#8b63e5fb4551c147351a53dada6a8420cc3fc36d"
  integrity sha512-obOGFpJeO4CcK/rIaZpw82/DaT2FHreVqeW61S8mKjPHuTsZfgkTnwxU8r0nQDgWPes82ZrkMAMqjwNkW7vzTQ==

"@smartface/extension-utils@^16.4.0":
  version "16.4.1"
  resolved "https://registry.yarnpkg.com/@smartface/extension-utils/-/extension-utils-16.4.1.tgz#958ca6eff13d23a02b6cbc40267e70f6fe292c45"
  integrity sha512-D1n7VUKPyv+Pc+l8UN5pO+BSfQck5QSP8R8jewu5Ik6ntU4tBNcT8or3hUr3XCS+BuARLNQyn2vqsXL5zJb/iQ==
  dependencies:
    apexcharts "^3.26.3"
    html-parse-stringify "1.0.2"
    mixin-deep "^1.3.1"
    query-string "^6.10.1"
    semver "^5.7.1"
    squel "^5.13.0"
    tinycolor2 "^1.4.1"
    wolfy87-eventemitter "^5.2.9"

"@smartface/html-to-text@^1.0.0":
  version "1.2.0"
  resolved "https://registry.yarnpkg.com/@smartface/html-to-text/-/html-to-text-1.2.0.tgz#463cf8c60e30af0db96c9e136bcabbc7a37d764d"
  integrity sha512-yKoQY2nfWiVEfXKdqvtswxPTQjt+WeNZl8gqnUXxRzZcm/trzcyHx8KGzTQHdLysQCDtOQhyIZXPTaWlFaFzFg==
  dependencies:
    html-parse-stringify "1.0.2"

"@smartface/i18n@^5.0.1":
  version "5.0.3"
  resolved "https://registry.yarnpkg.com/@smartface/i18n/-/i18n-5.0.3.tgz#ccdedd15016ecb2045fdfdd81e72564ed05d9319"
  integrity sha512-ZXB5+LNDxc83QFVsqnBm4Be8zFZ81tU0OHMV/IfZSiAMiaOMkZ5B/8o6d3LrQzuSkjjt4WOABUKJhJbGGliucg==
  dependencies:
    "@smartface/native" "^5.0.0"
    i18next "21.6.15"

"@smartface/mixins@^5.0.0":
  version "5.0.3"
  resolved "https://registry.yarnpkg.com/@smartface/mixins/-/mixins-5.0.3.tgz#25326de44559577ade5cafe9dc1df71af13fb1b4"
  integrity sha512-hpwJkGlgf45ssx6zu7+OBrTltZtf8YkVuyOQyCx+ojGQ33xBakcraOTCoa98tS2kqvxyQRq/fBKvcCVzs4CvvQ==
  dependencies:
    "@smartface/core" "^5.0.3"

"@smartface/native@^5.0.0":
  version "5.0.1"
  resolved "https://registry.yarnpkg.com/@smartface/native/-/native-5.0.1.tgz#f7087f2581e04b16781375d99e8b1ae8e0ba29d2"
  integrity sha512-MAbFr6zCWJDHZ9vE0bDqc9rEEo0IIvkoM5XeehLDIJ8BFJBkUWtFrSaJh4FoX4RPCDI9FtU03jKlNcixLvIe8w==
  dependencies:
    events "^3.3.0"

"@smartface/native@beta":
  version "5.0.1-beta.4"
  resolved "https://registry.yarnpkg.com/@smartface/native/-/native-5.0.1-beta.4.tgz#8196994cd4267dde249216dffd084be93b24bdcd"
  integrity sha512-Q6ygvtHGNMyt1SbuctdVt5Coj6V7z9kgrozLy4P4BD0T5vVOogm7LOrUCDgLAgltL+uji2H2cRUTmEqibOvLnw==
  dependencies:
    abort-controller "^3.0.0"
    events "^3.3.0"

"@smartface/router@^2.3.1":
  version "2.3.1"
  resolved "https://registry.yarnpkg.com/@smartface/router/-/router-2.3.1.tgz#47c24fa04b05ed27b89712c8912f128d97e3458e"
  integrity sha512-Cq/aZXNfYDbsO3XOq1WL9V9Sssv3usgMkoZyXzQIxEpKt529iMZabyNkpIQev8VYg10eF5z5MaeipTRCWxh7EA==
  dependencies:
    path-to-regexp "^2.4.0"
    resolve-pathname "^2.2.0"

"@smartface/source-map@^5.0.0":
  version "5.0.3"
  resolved "https://registry.yarnpkg.com/@smartface/source-map/-/source-map-5.0.3.tgz#5d885f4cf671472402017b09156a17726f66168f"
  integrity sha512-qk2kzmqire+98T+19lePA7vgGL1F6nLibZE+spaK1O1s7TM5o2yeXvX4uPZvguQ2hrg1NXeYn7afa3fQ8y8aRg==
  dependencies:
    source-map "0.6.1"

"@smartface/styler@^2.0.0":
  version "2.0.3"
  resolved "https://registry.yarnpkg.com/@smartface/styler/-/styler-2.0.3.tgz#e144b4054faeffa4fa0432af0d84f48664dddee2"
  integrity sha512-GNYwWDQamYd6Qka9sI1kjZTsWbxEjPSRKlHOYLBaGT/CJfRXt7BOPyZS5yO8/6J/2LAdZE5VOko9By3fuJ+bWA==

"@smartface/styling-context@^5.0.0":
  version "5.0.3"
  resolved "https://registry.yarnpkg.com/@smartface/styling-context/-/styling-context-5.0.3.tgz#7e954115ea55c0e8606c1560b7ae27b14313a5d3"
  integrity sha512-aZcnTkH2rd1ifC+x3MPGQXU/Ya0eQxEmVNEo0OCIasa1bJMYU7+XerucGS401Yl3ZPBRf62KzaDpGkxdgWh/Pg==
  dependencies:
    "@smartface/contx" "^4.2.0"
    "@smartface/styler" "^2.0.0"

"@types/node@^17.0.38":
  version "17.0.38"
  resolved "https://registry.yarnpkg.com/@types/node/-/node-17.0.38.tgz#f8bb07c371ccb1903f3752872c89f44006132947"
  integrity sha512-5jY9RhV7c0Z4Jy09G+NIDTsCZ5G0L5n+Z+p+Y7t5VJHM30bgwzSjVtlcBxqAj+6L/swIlvtOSzr8rBk/aNyV2g==

abort-controller@^3.0.0:
  version "3.0.0"
  resolved "https://registry.yarnpkg.com/abort-controller/-/abort-controller-3.0.0.tgz#eaf54d53b62bae4138e809ca225c8439a6efb392"
  integrity sha512-h8lQ8tacZYnR3vNQTgibj+tODHI5/+l06Au2Pcriv/Gmet0eaj4TwWH41sO9wnHDiQsEj19q0drzdWdeAHtweg==
  dependencies:
    event-target-shim "^5.0.0"

apexcharts@^3.26.3:
  version "3.35.3"
  resolved "https://registry.yarnpkg.com/apexcharts/-/apexcharts-3.35.3.tgz#8025e85971c4695be124aa67c21f66d5787f9c51"
  integrity sha512-UDlxslJr3DG63I/SgoiivIu4lpP25GMaKFK8NvCHmTksTQshx4ng3oPPrYvdsBFOvD/ajPYIh/p7rNB0jq8vXg==
  dependencies:
    svg.draggable.js "^2.2.2"
    svg.easing.js "^2.0.0"
    svg.filter.js "^2.0.2"
    svg.pathmorphing.js "^0.1.3"
    svg.resize.js "^1.4.3"
    svg.select.js "^3.0.1"

decode-uri-component@^0.2.0:
  version "0.2.0"
  resolved "https://registry.yarnpkg.com/decode-uri-component/-/decode-uri-component-0.2.0.tgz#eb3913333458775cb84cd1a1fae062106bb87545"
  integrity sha512-hjf+xovcEn31w/EUYdTXQh/8smFL/dzYjohQGEIgjyNavaJfBY2p5F527Bo1VPATxv0VYTUC2bOcXvqFwk78Og==

event-target-shim@^5.0.0:
  version "5.0.1"
  resolved "https://registry.yarnpkg.com/event-target-shim/-/event-target-shim-5.0.1.tgz#5d4d3ebdf9583d63a5333ce2deb7480ab2b05789"
  integrity sha512-i/2XbnSz/uxRCU6+NdVJgKWDTM427+MqYbkQzD321DuCQJUqOuJKIA0IM2+W2xtYHdKOmZ4dR6fExsd4SXL+WQ==

events@^3.3.0:
  version "3.3.0"
  resolved "https://registry.yarnpkg.com/events/-/events-3.3.0.tgz#31a95ad0a924e2d2c419a813aeb2c4e878ea7400"
  integrity sha512-mQw+2fkQbALzQ7V0MY0IqdnXNOeTtP4r0lN9z7AAawCXgqea7bDii20AYrIBrFd/Hx0M2Ocz6S111CaFkUcb0Q==

filter-obj@^1.1.0:
  version "1.1.0"
  resolved "https://registry.yarnpkg.com/filter-obj/-/filter-obj-1.1.0.tgz#9b311112bc6c6127a16e016c6c5d7f19e0805c5b"
  integrity sha512-8rXg1ZnX7xzy2NGDVkBVaAy+lSlPNwad13BtgSlLuxfIslyt5Vg64U7tFcCt4WS1R0hvtnQybT/IyCkGZ3DpXQ==

filtrex@^0.5.4:
  version "0.5.4"
  resolved "https://registry.yarnpkg.com/filtrex/-/filtrex-0.5.4.tgz#98075d518f068c4f58b7b589a227d98bd9f6395d"
  integrity sha512-2phGAjWOYRf96Al6s+w/hMjObP1cRyQ95hoZApjeFO75DXN4Flh9uuUAtL3LI4fkryLa2QWdA8MArvt0GMU0pA==

for-in@^1.0.2:
  version "1.0.2"
  resolved "https://registry.yarnpkg.com/for-in/-/for-in-1.0.2.tgz#81068d295a8142ec0ac726c6e2200c30fb6d5e80"
  integrity sha512-7EwmXrOjyL+ChxMhmG5lnW9MPt1aIeZEwKhQzoBUdTV0N3zuwWDZYVJatDvZ2OyzPUvdIAZDsCetk3coyMfcnQ==

html-parse-stringify@1.0.2:
  version "1.0.2"
  resolved "https://registry.yarnpkg.com/html-parse-stringify/-/html-parse-stringify-1.0.2.tgz#1208e98cd7430ad7efb12e1e7acee9214fd22283"
  integrity sha512-4RzCiLUcRMt/p0YUcyXIt51qmP6f+TG8wX4yThrK6UkOX3bfy9DE1VHWD9mr7mNgr1BtYTMJ6EweNwj24D546w==
  dependencies:
    void-elements "^1.0.0"

i18next@21.6.15:
  version "21.6.15"
  resolved "https://registry.yarnpkg.com/i18next/-/i18next-21.6.15.tgz#077e5798dbbd53d3aaa8ad66193758bd19836dbe"
  integrity sha512-uMFyw5HGK9KSJ7ok/WUJfeNQj53VOR4NoITtErffWen2v2SjJfpCls7tKTLF1nTCdKRePY4lCoZMLKhRSj/1GA==
  dependencies:
    "@babel/runtime" "^7.17.2"

is-extendable@^1.0.1:
  version "1.0.1"
  resolved "https://registry.yarnpkg.com/is-extendable/-/is-extendable-1.0.1.tgz#a7470f9e426733d81bd81e1155264e3a3507cab4"
  integrity sha512-arnXMxT1hhoKo9k1LZdmlNyJdDDfy2v0fXjFlmok4+i8ul/6WlbVge9bhM74OpNPQPMGUToDtz+KXa1PneJxOA==
  dependencies:
    is-plain-object "^2.0.4"

is-plain-object@^2.0.4:
  version "2.0.4"
  resolved "https://registry.yarnpkg.com/is-plain-object/-/is-plain-object-2.0.4.tgz#2c163b3fafb1b606d9d17928f05c2a1c38e07677"
  integrity sha512-h5PpgXkWitc38BBMYawTYMWJHFZJVnBquFE57xFpjB8pJFiF6gZ+bU+WyI/yqXiFR5mdLsgYNaPe8uao6Uv9Og==
  dependencies:
    isobject "^3.0.1"

isobject@^3.0.1:
  version "3.0.1"
  resolved "https://registry.yarnpkg.com/isobject/-/isobject-3.0.1.tgz#4e431e92b11a9731636aa1f9c8d1ccbcfdab78df"
  integrity sha512-WhB9zCku7EGTj/HQQRz5aUQEUeoQZH2bWcltRErOpymJ4boYE6wL9Tbr23krRPSZ+C5zqNSrSw+Cc7sZZ4b7vg==

mixin-deep@^1.3.1:
  version "1.3.2"
  resolved "https://registry.yarnpkg.com/mixin-deep/-/mixin-deep-1.3.2.tgz#1120b43dc359a785dce65b55b82e257ccf479566"
  integrity sha512-WRoDn//mXBiJ1H40rqa3vH0toePwSsGb45iInWlTySa+Uu4k3tYUSxa2v1KqAiLtvlrSzaExqS1gtk96A9zvEA==
  dependencies:
    for-in "^1.0.2"
    is-extendable "^1.0.1"

path-to-regexp@^2.4.0:
  version "2.4.0"
  resolved "https://registry.yarnpkg.com/path-to-regexp/-/path-to-regexp-2.4.0.tgz#35ce7f333d5616f1c1e1bfe266c3aba2e5b2e704"
  integrity sha512-G6zHoVqC6GGTQkZwF4lkuEyMbVOjoBKAEybQUypI1WTkqinCOrq2x6U2+phkJ1XsEMTy4LjtwPI7HW+NVrRR2w==

query-string@^6.10.1:
  version "6.14.1"
  resolved "https://registry.yarnpkg.com/query-string/-/query-string-6.14.1.tgz#7ac2dca46da7f309449ba0f86b1fd28255b0c86a"
  integrity sha512-XDxAeVmpfu1/6IjyT/gXHOl+S0vQ9owggJ30hhWKdHAsNPOcasn5o9BW0eejZqL2e4vMjhAxoW3jVHcD6mbcYw==
  dependencies:
    decode-uri-component "^0.2.0"
    filter-obj "^1.1.0"
    split-on-first "^1.0.0"
    strict-uri-encode "^2.0.0"

regenerator-runtime@^0.13.4:
  version "0.13.9"
  resolved "https://registry.yarnpkg.com/regenerator-runtime/-/regenerator-runtime-0.13.9.tgz#8925742a98ffd90814988d7566ad30ca3b263b52"
  integrity sha512-p3VT+cOEgxFsRRA9X4lkI1E+k2/CtnKtU4gcxyaCUreilL/vqI6CdZ3wxVUx3UOUg+gnUOQQcRI7BmSI656MYA==

resolve-pathname@^2.2.0:
  version "2.2.0"
  resolved "https://registry.yarnpkg.com/resolve-pathname/-/resolve-pathname-2.2.0.tgz#7e9ae21ed815fd63ab189adeee64dc831eefa879"
  integrity sha512-bAFz9ld18RzJfddgrO2e/0S2O81710++chRMUxHjXOYKF6jTAMrUNZrEZ1PvV0zlhfjidm08iRPdTLPno1FuRg==

semver@^5.7.1:
  version "5.7.1"
  resolved "https://registry.yarnpkg.com/semver/-/semver-5.7.1.tgz#a954f931aeba508d307bbf069eff0c01c96116f7"
  integrity sha512-sauaDf/PZdVgrLTNYHRtpXa1iRiKcaebiKQ1BJdpQlWH2lCvexQdX55snPFyK7QzpudqbCI0qXFfOasHdyNDGQ==

source-map@0.6.1:
  version "0.6.1"
  resolved "https://registry.yarnpkg.com/source-map/-/source-map-0.6.1.tgz#74722af32e9614e9c287a8d0bbde48b5e2f1a263"
  integrity sha512-UjgapumWlbMhkBgzT7Ykc5YXUT46F0iKu8SGXq0bcwP5dz/h0Plj6enJqjz1Zbq2l5WaqYnrVbwWOWMyF3F47g==

split-on-first@^1.0.0:
  version "1.1.0"
  resolved "https://registry.yarnpkg.com/split-on-first/-/split-on-first-1.1.0.tgz#f610afeee3b12bce1d0c30425e76398b78249a5f"
  integrity sha512-43ZssAJaMusuKWL8sKUBQXHWOpq8d6CfN/u1p4gUzfJkM05C8rxTmYrkIPTXapZpORA6LkkzcUulJ8FqA7Uudw==

squel@^5.13.0:
  version "5.13.0"
  resolved "https://registry.yarnpkg.com/squel/-/squel-5.13.0.tgz#09cc73e91f0d0e326482605ee76e3b7ac881ddf6"
  integrity sha512-Fzd8zqbuqNwzodO3yO6MkX8qiDoVBuwqAaa3eKNz4idhBf24IQHbatBhLUiHAGGl962eGvPVRxzRuFWZlSf49w==

strict-uri-encode@^2.0.0:
  version "2.0.0"
  resolved "https://registry.yarnpkg.com/strict-uri-encode/-/strict-uri-encode-2.0.0.tgz#b9c7330c7042862f6b142dc274bbcc5866ce3546"
  integrity sha1-ucczDHBChi9rFC3CdLvMWGbONUY=

svg.draggable.js@^2.2.2:
  version "2.2.2"
  resolved "https://registry.yarnpkg.com/svg.draggable.js/-/svg.draggable.js-2.2.2.tgz#c514a2f1405efb6f0263e7958f5b68fce50603ba"
  integrity sha512-JzNHBc2fLQMzYCZ90KZHN2ohXL0BQJGQimK1kGk6AvSeibuKcIdDX9Kr0dT9+UJ5O8nYA0RB839Lhvk4CY4MZw==
  dependencies:
    svg.js "^2.0.1"

svg.easing.js@^2.0.0:
  version "2.0.0"
  resolved "https://registry.yarnpkg.com/svg.easing.js/-/svg.easing.js-2.0.0.tgz#8aa9946b0a8e27857a5c40a10eba4091e5691f12"
  integrity sha1-iqmUawqOJ4V6XEChDrpAkeVpHxI=
  dependencies:
    svg.js ">=2.3.x"

svg.filter.js@^2.0.2:
  version "2.0.2"
  resolved "https://registry.yarnpkg.com/svg.filter.js/-/svg.filter.js-2.0.2.tgz#91008e151389dd9230779fcbe6e2c9a362d1c203"
  integrity sha1-kQCOFROJ3ZIwd5/L5uLJo2LRwgM=
  dependencies:
    svg.js "^2.2.5"

svg.js@>=2.3.x, svg.js@^2.0.1, svg.js@^2.2.5, svg.js@^2.4.0, svg.js@^2.6.5:
  version "2.7.1"
  resolved "https://registry.yarnpkg.com/svg.js/-/svg.js-2.7.1.tgz#eb977ed4737001eab859949b4a398ee1bb79948d"
  integrity sha512-ycbxpizEQktk3FYvn/8BH+6/EuWXg7ZpQREJvgacqn46gIddG24tNNe4Son6omdXCnSOaApnpZw6MPCBA1dODA==

svg.pathmorphing.js@^0.1.3:
  version "0.1.3"
  resolved "https://registry.yarnpkg.com/svg.pathmorphing.js/-/svg.pathmorphing.js-0.1.3.tgz#c25718a1cc7c36e852ecabc380e758ac09bb2b65"
  integrity sha512-49HWI9X4XQR/JG1qXkSDV8xViuTLIWm/B/7YuQELV5KMOPtXjiwH4XPJvr/ghEDibmLQ9Oc22dpWpG0vUDDNww==
  dependencies:
    svg.js "^2.4.0"

svg.resize.js@^1.4.3:
  version "1.4.3"
  resolved "https://registry.yarnpkg.com/svg.resize.js/-/svg.resize.js-1.4.3.tgz#885abd248e0cd205b36b973c4b578b9a36f23332"
  integrity sha512-9k5sXJuPKp+mVzXNvxz7U0uC9oVMQrrf7cFsETznzUDDm0x8+77dtZkWdMfRlmbkEEYvUn9btKuZ3n41oNA+uw==
  dependencies:
    svg.js "^2.6.5"
    svg.select.js "^2.1.2"

svg.select.js@^2.1.2:
  version "2.1.2"
  resolved "https://registry.yarnpkg.com/svg.select.js/-/svg.select.js-2.1.2.tgz#e41ce13b1acff43a7441f9f8be87a2319c87be73"
  integrity sha512-tH6ABEyJsAOVAhwcCjF8mw4crjXSI1aa7j2VQR8ZuJ37H2MBUbyeqYr5nEO7sSN3cy9AR9DUwNg0t/962HlDbQ==
  dependencies:
    svg.js "^2.2.5"

svg.select.js@^3.0.1:
  version "3.0.1"
  resolved "https://registry.yarnpkg.com/svg.select.js/-/svg.select.js-3.0.1.tgz#a4198e359f3825739226415f82176a90ea5cc917"
  integrity sha512-h5IS/hKkuVCbKSieR9uQCj9w+zLHoPh+ce19bBYyqF53g6mnPB8sAtIbe1s9dh2S2fCmYX2xel1Ln3PJBbK4kw==
  dependencies:
    svg.js "^2.6.5"

tinycolor2@^1.4.1:
  version "1.4.2"
  resolved "https://registry.yarnpkg.com/tinycolor2/-/tinycolor2-1.4.2.tgz#3f6a4d1071ad07676d7fa472e1fac40a719d8803"
  integrity sha512-vJhccZPs965sV/L2sU4oRQVAos0pQXwsvTLkWYdqJ+a8Q5kPFzJTuOFwy7UniPli44NKQGAglksjvOcpo95aZA==

void-elements@^1.0.0:
  version "1.0.0"
  resolved "https://registry.yarnpkg.com/void-elements/-/void-elements-1.0.0.tgz#6e5db1e35d591f5ac690ce1a340f793a817b2c2a"
  integrity sha1-bl2x411ZH1rGkM4aNA95OoF7LCo=

wolfy87-eventemitter@^5.2.9:
  version "5.2.9"
  resolved "https://registry.yarnpkg.com/wolfy87-eventemitter/-/wolfy87-eventemitter-5.2.9.tgz#e879f770b30fbb6512a8afbb330c388591099c2a"
  integrity sha512-P+6vtWyuDw+MB01X7UeF8TaHBvbCovf4HPEMF/SV7BdDc1SMTiBy13SRD71lQh4ExFTG1d/WNzDGDCyOKSMblw==
