# THIS IS AN AUTOGENERATED FILE. DO NOT EDIT THIS FILE DIRECTLY.
# yarn lockfile v1


"@smartface/component-keyboardlayout@^5.0.0":
  version "5.0.0"
  resolved "https://registry.yarnpkg.com/@smartface/component-keyboardlayout/-/component-keyboardlayout-5.0.0.tgz#9b67fa41f43fa6ed5b31aa54590fc0588b2562a4"
  integrity sha512-6vt4p7vAjb7t0te9KgBKTSbUB3UW2O3wPUaUpU9sWxeEFeXy/oTMmOtkhyj6ud0xmgglE3vYn3gyBmu8px4+uw==

"@smartface/component-materialtextbox@^7.0.0":
  version "7.0.3"
  resolved "https://registry.yarnpkg.com/@smartface/component-materialtextbox/-/component-materialtextbox-7.0.3.tgz#d6bc57e678e7c4d78fd9a5029092786956b33520"
  integrity sha512-w3Nu+9Oqy/leGqIdzoXPp3pq/3HwXgivCSgKbXdYcStMwOBUKO8d/potZYbSV9bss2TKCwXU2C0V3QGdSyxwjQ==

"@smartface/contx@^4.2.0":
  version "4.2.6"
  resolved "https://registry.yarnpkg.com/@smartface/contx/-/contx-4.2.6.tgz#21aaf510a467385fb93bde8d2797ffd57fc1a958"
  integrity sha512-PgYkQ0Adondep2gk9VPzAPWEq6FesXmqExcTC7F1oMHQh7fPC3smebeF7iWx9ZtjHpujiQ9TWuhpTtnCjM1kUg==
  dependencies:
    "@smartface/html-to-text" "^1.0.0"
    "@smartface/styler" "^2.0.0"
    filtrex "^0.5.4"

"@smartface/core@^5.0.0-alpha.0":
  version "5.0.0-alpha.0"
  resolved "https://registry.yarnpkg.com/@smartface/core/-/core-5.0.0-alpha.0.tgz#59c39e2b38567434ad7a5f4a7bf4d68fc7d68cd6"
  integrity sha512-rLZ9gZU56f3SkIrXm7iM/ujCagl7CVqml21MZmqx9J327/bDI5vd7mcWdmKUhTzNadDZA20H+ub5P9KhEQl9Eg==

"@smartface/extension-utils@^16.4.0":
  version "16.4.0"
  resolved "https://registry.yarnpkg.com/@smartface/extension-utils/-/extension-utils-16.4.0.tgz#1c332fd0ab18444fcea5f2e44a6dfea8150ecdcd"
  integrity sha512-NCX7bA+VdMa784J9SMqAwVOxQ5IGfV5C6O+bDYW0NnlnN7BOhQo+Zpj2f3PGYAMcm1YoWexzaPxmdLJpXoguzQ==
  dependencies:
    apexcharts "^3.26.3"
    html-parse-stringify "1.0.2"
    mixin-deep "^1.3.1"
    query-string "^6.10.1"
    semver "^5.7.1"
    squel "^5.13.0"
    tinycolor2 "^1.4.1"
    wolfy87-eventemitter "^5.2.9"

"@smartface/html-to-text@^1.0.0":
  version "1.2.0"
  resolved "https://registry.yarnpkg.com/@smartface/html-to-text/-/html-to-text-1.2.0.tgz#463cf8c60e30af0db96c9e136bcabbc7a37d764d"
  integrity sha512-yKoQY2nfWiVEfXKdqvtswxPTQjt+WeNZl8gqnUXxRzZcm/trzcyHx8KGzTQHdLysQCDtOQhyIZXPTaWlFaFzFg==
  dependencies:
    html-parse-stringify "1.0.2"

"@smartface/mixins@^5.0.0-alpha":
  version "5.0.0-alpha.0"
  resolved "https://registry.yarnpkg.com/@smartface/mixins/-/mixins-5.0.0-alpha.0.tgz#e657fa8cc20e027321a989aee617d24d389f100c"
  integrity sha512-oMeQWsnD/znFhA2fUGjLiLJ0mutUqAM0r1UYdUGbkh+qj5DC4Jcf0CARagrWCosrUoZ6RKXi1rq7+3hero9bDQ==
  dependencies:
    "@smartface/core" "^5.0.0-alpha.0"

"@smartface/native@^5.0.0-alpha":
  version "5.0.0-beta.5"
  resolved "https://registry.yarnpkg.com/@smartface/native/-/native-5.0.0-beta.5.tgz#8bce889cb62eb0d8ea9479b69b0e167216dc368a"
  integrity sha512-pugnuXJIZk8XubEYo5aKzm57xxPigITvn+ve5t7wefldBbLG2v+JvRUGBKWMgXKiaAtohssfg60FLAqvXX+0PA==
  dependencies:
    events "^3.3.0"

"@smartface/router@^2.2.0":
  version "2.3.1"
  resolved "https://registry.yarnpkg.com/@smartface/router/-/router-2.3.1.tgz#47c24fa04b05ed27b89712c8912f128d97e3458e"
  integrity sha512-Cq/aZXNfYDbsO3XOq1WL9V9Sssv3usgMkoZyXzQIxEpKt529iMZabyNkpIQev8VYg10eF5z5MaeipTRCWxh7EA==
  dependencies:
    path-to-regexp "^2.4.0"
    resolve-pathname "^2.2.0"

"@smartface/source-map@^1.0.0":
  version "1.0.2"
  resolved "https://registry.yarnpkg.com/@smartface/source-map/-/source-map-1.0.2.tgz#80bd9ef70eea293b0f094f25380928ef6820bfe8"
  integrity sha512-53iqKY85DJhOafdZkzbm3xQHzbtTmRbHjTn8AjJn3vHsqWXCaNgLD619O65tnD06D57yTHk44ogePdPOMYzedg==
  dependencies:
    source-map "0.6.1"

"@smartface/styler@^2.0.0":
  version "2.0.3"
  resolved "https://registry.yarnpkg.com/@smartface/styler/-/styler-2.0.3.tgz#e144b4054faeffa4fa0432af0d84f48664dddee2"
  integrity sha512-GNYwWDQamYd6Qka9sI1kjZTsWbxEjPSRKlHOYLBaGT/CJfRXt7BOPyZS5yO8/6J/2LAdZE5VOko9By3fuJ+bWA==

"@smartface/styling-context@^5.0.0-alpha":
  version "5.0.0-alpha.7"
  resolved "https://registry.yarnpkg.com/@smartface/styling-context/-/styling-context-5.0.0-alpha.7.tgz#02afb278cba6155db2154465085b7c87d87dd527"
  integrity sha512-lO42gZlCPAwGuYjWqttPjnVrBmSVOkiHcq5fNBfvPHNzad2PYCcYcJSQ8khxDPCpsc211i3d5w0PhqFJf99iig==
  dependencies:
    "@smartface/contx" "^4.2.0"
    "@smartface/styler" "^2.0.0"

apexcharts@^3.26.3:
  version "3.35.0"
  resolved "https://registry.yarnpkg.com/apexcharts/-/apexcharts-3.35.0.tgz#5571f4852747359b7ef76662998f3d6a8ffe923a"
  integrity sha512-oipJRkaxt8DPGRmn1kur6aPzML1JSpf2M3ecu+gyw+8xiNmT2C0p1uuuqPZrk+Lr2hmDxzNBPR7TvxwRl3ozgw==
  dependencies:
    svg.draggable.js "^2.2.2"
    svg.easing.js "^2.0.0"
    svg.filter.js "^2.0.2"
    svg.pathmorphing.js "^0.1.3"
    svg.resize.js "^1.4.3"
    svg.select.js "^3.0.1"

decode-uri-component@^0.2.0:
  version "0.2.0"
  resolved "https://registry.yarnpkg.com/decode-uri-component/-/decode-uri-component-0.2.0.tgz#eb3913333458775cb84cd1a1fae062106bb87545"
  integrity sha1-6zkTMzRYd1y4TNGh+uBiEGu4dUU=

events@^3.3.0:
  version "3.3.0"
  resolved "https://registry.yarnpkg.com/events/-/events-3.3.0.tgz#31a95ad0a924e2d2c419a813aeb2c4e878ea7400"
  integrity sha512-mQw+2fkQbALzQ7V0MY0IqdnXNOeTtP4r0lN9z7AAawCXgqea7bDii20AYrIBrFd/Hx0M2Ocz6S111CaFkUcb0Q==

filter-obj@^1.1.0:
  version "1.1.0"
  resolved "https://registry.yarnpkg.com/filter-obj/-/filter-obj-1.1.0.tgz#9b311112bc6c6127a16e016c6c5d7f19e0805c5b"
  integrity sha1-mzERErxsYSehbgFsbF1/GeCAXFs=

filtrex@^0.5.4:
  version "0.5.4"
  resolved "https://registry.yarnpkg.com/filtrex/-/filtrex-0.5.4.tgz#98075d518f068c4f58b7b589a227d98bd9f6395d"
  integrity sha1-mAddUY8GjE9Yt7WJoifZi9n2OV0=

for-in@^1.0.2:
  version "1.0.2"
  resolved "https://registry.yarnpkg.com/for-in/-/for-in-1.0.2.tgz#81068d295a8142ec0ac726c6e2200c30fb6d5e80"
  integrity sha1-gQaNKVqBQuwKxybG4iAMMPttXoA=

html-parse-stringify@1.0.2:
  version "1.0.2"
  resolved "https://registry.yarnpkg.com/html-parse-stringify/-/html-parse-stringify-1.0.2.tgz#1208e98cd7430ad7efb12e1e7acee9214fd22283"
  integrity sha1-EgjpjNdDCtfvsS4ees7pIU/SIoM=
  dependencies:
    void-elements "^1.0.0"

is-extendable@^1.0.1:
  version "1.0.1"
  resolved "https://registry.yarnpkg.com/is-extendable/-/is-extendable-1.0.1.tgz#a7470f9e426733d81bd81e1155264e3a3507cab4"
  integrity sha512-arnXMxT1hhoKo9k1LZdmlNyJdDDfy2v0fXjFlmok4+i8ul/6WlbVge9bhM74OpNPQPMGUToDtz+KXa1PneJxOA==
  dependencies:
    is-plain-object "^2.0.4"

is-plain-object@^2.0.4:
  version "2.0.4"
  resolved "https://registry.yarnpkg.com/is-plain-object/-/is-plain-object-2.0.4.tgz#2c163b3fafb1b606d9d17928f05c2a1c38e07677"
  integrity sha512-h5PpgXkWitc38BBMYawTYMWJHFZJVnBquFE57xFpjB8pJFiF6gZ+bU+WyI/yqXiFR5mdLsgYNaPe8uao6Uv9Og==
  dependencies:
    isobject "^3.0.1"

isobject@^3.0.1:
  version "3.0.1"
  resolved "https://registry.yarnpkg.com/isobject/-/isobject-3.0.1.tgz#4e431e92b11a9731636aa1f9c8d1ccbcfdab78df"
  integrity sha1-TkMekrEalzFjaqH5yNHMvP2reN8=

mixin-deep@^1.3.1:
  version "1.3.2"
  resolved "https://registry.yarnpkg.com/mixin-deep/-/mixin-deep-1.3.2.tgz#1120b43dc359a785dce65b55b82e257ccf479566"
  integrity sha512-WRoDn//mXBiJ1H40rqa3vH0toePwSsGb45iInWlTySa+Uu4k3tYUSxa2v1KqAiLtvlrSzaExqS1gtk96A9zvEA==
  dependencies:
    for-in "^1.0.2"
    is-extendable "^1.0.1"

path-to-regexp@^2.4.0:
  version "2.4.0"
  resolved "https://registry.yarnpkg.com/path-to-regexp/-/path-to-regexp-2.4.0.tgz#35ce7f333d5616f1c1e1bfe266c3aba2e5b2e704"
  integrity sha512-G6zHoVqC6GGTQkZwF4lkuEyMbVOjoBKAEybQUypI1WTkqinCOrq2x6U2+phkJ1XsEMTy4LjtwPI7HW+NVrRR2w==

query-string@^6.10.1:
  version "6.14.1"
  resolved "https://registry.yarnpkg.com/query-string/-/query-string-6.14.1.tgz#7ac2dca46da7f309449ba0f86b1fd28255b0c86a"
  integrity sha512-XDxAeVmpfu1/6IjyT/gXHOl+S0vQ9owggJ30hhWKdHAsNPOcasn5o9BW0eejZqL2e4vMjhAxoW3jVHcD6mbcYw==
  dependencies:
    decode-uri-component "^0.2.0"
    filter-obj "^1.1.0"
    split-on-first "^1.0.0"
    strict-uri-encode "^2.0.0"

resolve-pathname@^2.2.0:
  version "2.2.0"
  resolved "https://registry.yarnpkg.com/resolve-pathname/-/resolve-pathname-2.2.0.tgz#7e9ae21ed815fd63ab189adeee64dc831eefa879"
  integrity sha512-bAFz9ld18RzJfddgrO2e/0S2O81710++chRMUxHjXOYKF6jTAMrUNZrEZ1PvV0zlhfjidm08iRPdTLPno1FuRg==

semver@^5.7.1:
  version "5.7.1"
  resolved "https://registry.yarnpkg.com/semver/-/semver-5.7.1.tgz#a954f931aeba508d307bbf069eff0c01c96116f7"
  integrity sha512-sauaDf/PZdVgrLTNYHRtpXa1iRiKcaebiKQ1BJdpQlWH2lCvexQdX55snPFyK7QzpudqbCI0qXFfOasHdyNDGQ==

source-map@0.6.1:
  version "0.6.1"
  resolved "https://registry.yarnpkg.com/source-map/-/source-map-0.6.1.tgz#74722af32e9614e9c287a8d0bbde48b5e2f1a263"
  integrity sha512-UjgapumWlbMhkBgzT7Ykc5YXUT46F0iKu8SGXq0bcwP5dz/h0Plj6enJqjz1Zbq2l5WaqYnrVbwWOWMyF3F47g==

split-on-first@^1.0.0:
  version "1.1.0"
  resolved "https://registry.yarnpkg.com/split-on-first/-/split-on-first-1.1.0.tgz#f610afeee3b12bce1d0c30425e76398b78249a5f"
  integrity sha512-43ZssAJaMusuKWL8sKUBQXHWOpq8d6CfN/u1p4gUzfJkM05C8rxTmYrkIPTXapZpORA6LkkzcUulJ8FqA7Uudw==

squel@^5.13.0:
  version "5.13.0"
  resolved "https://registry.yarnpkg.com/squel/-/squel-5.13.0.tgz#09cc73e91f0d0e326482605ee76e3b7ac881ddf6"
  integrity sha512-Fzd8zqbuqNwzodO3yO6MkX8qiDoVBuwqAaa3eKNz4idhBf24IQHbatBhLUiHAGGl962eGvPVRxzRuFWZlSf49w==

strict-uri-encode@^2.0.0:
  version "2.0.0"
  resolved "https://registry.yarnpkg.com/strict-uri-encode/-/strict-uri-encode-2.0.0.tgz#b9c7330c7042862f6b142dc274bbcc5866ce3546"
  integrity sha1-ucczDHBChi9rFC3CdLvMWGbONUY=

svg.draggable.js@^2.2.2:
  version "2.2.2"
  resolved "https://registry.yarnpkg.com/svg.draggable.js/-/svg.draggable.js-2.2.2.tgz#c514a2f1405efb6f0263e7958f5b68fce50603ba"
  integrity sha512-JzNHBc2fLQMzYCZ90KZHN2ohXL0BQJGQimK1kGk6AvSeibuKcIdDX9Kr0dT9+UJ5O8nYA0RB839Lhvk4CY4MZw==
  dependencies:
    svg.js "^2.0.1"

svg.easing.js@^2.0.0:
  version "2.0.0"
  resolved "https://registry.yarnpkg.com/svg.easing.js/-/svg.easing.js-2.0.0.tgz#8aa9946b0a8e27857a5c40a10eba4091e5691f12"
  integrity sha1-iqmUawqOJ4V6XEChDrpAkeVpHxI=
  dependencies:
    svg.js ">=2.3.x"

svg.filter.js@^2.0.2:
  version "2.0.2"
  resolved "https://registry.yarnpkg.com/svg.filter.js/-/svg.filter.js-2.0.2.tgz#91008e151389dd9230779fcbe6e2c9a362d1c203"
  integrity sha1-kQCOFROJ3ZIwd5/L5uLJo2LRwgM=
  dependencies:
    svg.js "^2.2.5"

svg.js@>=2.3.x, svg.js@^2.0.1, svg.js@^2.2.5, svg.js@^2.4.0, svg.js@^2.6.5:
  version "2.7.1"
  resolved "https://registry.yarnpkg.com/svg.js/-/svg.js-2.7.1.tgz#eb977ed4737001eab859949b4a398ee1bb79948d"
  integrity sha512-ycbxpizEQktk3FYvn/8BH+6/EuWXg7ZpQREJvgacqn46gIddG24tNNe4Son6omdXCnSOaApnpZw6MPCBA1dODA==

svg.pathmorphing.js@^0.1.3:
  version "0.1.3"
  resolved "https://registry.yarnpkg.com/svg.pathmorphing.js/-/svg.pathmorphing.js-0.1.3.tgz#c25718a1cc7c36e852ecabc380e758ac09bb2b65"
  integrity sha512-49HWI9X4XQR/JG1qXkSDV8xViuTLIWm/B/7YuQELV5KMOPtXjiwH4XPJvr/ghEDibmLQ9Oc22dpWpG0vUDDNww==
  dependencies:
    svg.js "^2.4.0"

svg.resize.js@^1.4.3:
  version "1.4.3"
  resolved "https://registry.yarnpkg.com/svg.resize.js/-/svg.resize.js-1.4.3.tgz#885abd248e0cd205b36b973c4b578b9a36f23332"
  integrity sha512-9k5sXJuPKp+mVzXNvxz7U0uC9oVMQrrf7cFsETznzUDDm0x8+77dtZkWdMfRlmbkEEYvUn9btKuZ3n41oNA+uw==
  dependencies:
    svg.js "^2.6.5"
    svg.select.js "^2.1.2"

svg.select.js@^2.1.2:
  version "2.1.2"
  resolved "https://registry.yarnpkg.com/svg.select.js/-/svg.select.js-2.1.2.tgz#e41ce13b1acff43a7441f9f8be87a2319c87be73"
  integrity sha512-tH6ABEyJsAOVAhwcCjF8mw4crjXSI1aa7j2VQR8ZuJ37H2MBUbyeqYr5nEO7sSN3cy9AR9DUwNg0t/962HlDbQ==
  dependencies:
    svg.js "^2.2.5"

svg.select.js@^3.0.1:
  version "3.0.1"
  resolved "https://registry.yarnpkg.com/svg.select.js/-/svg.select.js-3.0.1.tgz#a4198e359f3825739226415f82176a90ea5cc917"
  integrity sha512-h5IS/hKkuVCbKSieR9uQCj9w+zLHoPh+ce19bBYyqF53g6mnPB8sAtIbe1s9dh2S2fCmYX2xel1Ln3PJBbK4kw==
  dependencies:
    svg.js "^2.6.5"

tinycolor2@^1.4.1:
  version "1.4.2"
  resolved "https://registry.yarnpkg.com/tinycolor2/-/tinycolor2-1.4.2.tgz#3f6a4d1071ad07676d7fa472e1fac40a719d8803"
  integrity sha512-vJhccZPs965sV/L2sU4oRQVAos0pQXwsvTLkWYdqJ+a8Q5kPFzJTuOFwy7UniPli44NKQGAglksjvOcpo95aZA==

void-elements@^1.0.0:
  version "1.0.0"
  resolved "https://registry.yarnpkg.com/void-elements/-/void-elements-1.0.0.tgz#6e5db1e35d591f5ac690ce1a340f793a817b2c2a"
  integrity sha1-bl2x411ZH1rGkM4aNA95OoF7LCo=

wolfy87-eventemitter@^5.2.9:
  version "5.2.9"
  resolved "https://registry.yarnpkg.com/wolfy87-eventemitter/-/wolfy87-eventemitter-5.2.9.tgz#e879f770b30fbb6512a8afbb330c388591099c2a"
  integrity sha512-P+6vtWyuDw+MB01X7UeF8TaHBvbCovf4HPEMF/SV7BdDc1SMTiBy13SRD71lQh4ExFTG1d/WNzDGDCyOKSMblw==
